
Microsoft Visual Studio Solution File, Format Version 12.00
# Visual Studio 2013
VisualStudioVersion = 12.0.21005.1
MinimumVisualStudioVersion = 10.0.40219.1
Project("{FAE04EC0-301F-11D3-BF4B-00C04F79EFBC}") = "TaxiOperation_DienThoaiV2", "TaxiOperation_DienThoaiV2\TaxiOperation_DienThoaiV2.csproj", "{FCC3459E-C20E-4FB5-939E-9F02803B1670}"
EndProject
Project("{FAE04EC0-301F-11D3-BF4B-00C04F79EFBC}") = "TaxiOperation_DieuHanhChinhV2", "TaxiOperation_DieuHanhChinhV2\TaxiOperation_DieuHanhChinhV2.csproj", "{7735D197-2C9E-4C66-93C2-6D381388A73F}"
EndProject
Project("{FAE04EC0-301F-11D3-BF4B-00C04F79EFBC}") = "TaxiOperation_MoiKhach", "TaxiOperation_MoiKhach\TaxiOperation_MoiKhach.csproj", "{8F31ACE4-7000-4F23-8DC1-8DBA9CC18797}"
EndProject
Project("{FAE04EC0-301F-11D3-BF4B-00C04F79EFBC}") = "Taxi.Business", "Taxi.Business\Taxi.Business.csproj", "{889A0A5C-D624-49B5-877E-C365672541A8}"
EndProject
Project("{FAE04EC0-301F-11D3-BF4B-00C04F79EFBC}") = "Taxi.Controls", "Taxi.Controls\Taxi.Controls.csproj", "{AAC3CE12-F739-4F19-8FD9-5399CD29CE2E}"
EndProject
Project("{FAE04EC0-301F-11D3-BF4B-00C04F79EFBC}") = "Taxi.Data", "Taxi.Data\Taxi.Data.csproj", "{C6D7A3EE-B50C-4EA6-9053-2ED7F6C9975D}"
EndProject
Project("{FAE04EC0-301F-11D3-BF4B-00C04F79EFBC}") = "Taxi.Exceptions", "Taxi.Exception\Taxi.Exceptions.csproj", "{F46E3F0B-30A1-4228-9680-3F46897A27AD}"
EndProject
Project("{FAE04EC0-301F-11D3-BF4B-00C04F79EFBC}") = "Taxi.MessageBox", "Taxi.MessageBox\Taxi.MessageBox.csproj", "{6D777AC5-0A39-4D93-807F-49D602071243}"
EndProject
Project("{FAE04EC0-301F-11D3-BF4B-00C04F79EFBC}") = "Taxi.Utils", "Taxi.Utils\Taxi.Utils.csproj", "{E7EBA72B-31F7-4280-90A5-DA0984CCE7D9}"
EndProject
Project("{FAE04EC0-301F-11D3-BF4B-00C04F79EFBC}") = "TaxiOperation_TongDaiV2", "TaxiOperation_TongDaiV2\TaxiOperation_TongDaiV2.csproj", "{82E0F277-288D-468C-B09F-E2C4ED26565C}"
EndProject
Project("{FAE04EC0-301F-11D3-BF4B-00C04F79EFBC}") = "Taxi.Entity", "Taxi.Entity\Taxi.Entity.csproj", "{735B945A-3B37-4796-8810-DE7B3B0D168F}"
EndProject
Project("{FAE04EC0-301F-11D3-BF4B-00C04F79EFBC}") = "Femiani.Forms.UI", "Femiani.Forms.UI\Femiani.Forms.UI.csproj", "{77FB2ED1-B6BE-4425-8B29-51E8565E84EC}"
EndProject
Project("{FAE04EC0-301F-11D3-BF4B-00C04F79EFBC}") = "APIServices", "APIServices\APIServices.csproj", "{1E6E26D3-4C7A-429F-88D8-FDB0D4B4EF8E}"
EndProject
Project("{FAE04EC0-301F-11D3-BF4B-00C04F79EFBC}") = "BAGPS", "BAGPS\BAGPS.csproj", "{E836681D-4FBD-417F-8A01-6AB3125AC366}"
EndProject
Project("{FAE04EC0-301F-11D3-BF4B-00C04F79EFBC}") = "TaxiOperation_CallCapture_v2", "TaxiOperation_CallCapture2\TaxiOperation_CallCapture_v2.csproj", "{CABFD939-7449-4016-8FF3-F650D8546162}"
EndProject
Project("{FAE04EC0-301F-11D3-BF4B-00C04F79EFBC}") = "TaxiOperation_CSKH", "TaxiOperation_CSKH\TaxiOperation_CSKH.csproj", "{19F7ADD1-7A35-403C-808D-B64A930C78B5}"
EndProject
Project("{FAE04EC0-301F-11D3-BF4B-00C04F79EFBC}") = "AutoUpdate", "AutoUpdate\AutoUpdate.csproj", "{13BF6BC9-9934-46FF-A965-0EA8F3D1FFC9}"
EndProject
Project("{FAE04EC0-301F-11D3-BF4B-00C04F79EFBC}") = "TaxiOperation_DieuXeDuongDai", "TaxiOperation_DieuXeDuongDai\TaxiOperation_DieuXeDuongDai.csproj", "{7DE6D86C-6E12-4C8B-8679-8F9E3BC7D438}"
EndProject
Project("{FAE04EC0-301F-11D3-BF4B-00C04F79EFBC}") = "UnitTest", "UnitTest\UnitTest.csproj", "{F9E0FDFC-D8FA-493F-9FA8-BD29A0EBF7EF}"
EndProject
Project("{2150E333-8FDC-42A3-9474-1A3956D46DE8}") = "Solution Items", "Solution Items", "{F65A11C4-9FC5-49B4-A4BD-2F200F5D969B}"
	ProjectSection(SolutionItems) = preProject
		Local.testsettings = Local.testsettings
		Taxi_TienSa.vsmdi = Taxi_TienSa.vsmdi
		TraceAndTestImpact.testsettings = TraceAndTestImpact.testsettings
	EndProjectSection
EndProject
Project("{2150E333-8FDC-42A3-9474-1A3956D46DE8}") = "Dll", "Dll", "{2046E4DD-B4E7-4C47-93BC-05201CEEE193}"
	ProjectSection(SolutionItems) = preProject
		DLL\GMap.NET.Core.dll = DLL\GMap.NET.Core.dll
		DLL\GMap.NET.WindowsForms.dll = DLL\GMap.NET.WindowsForms.dll
	EndProjectSection
EndProject
Project("{2150E333-8FDC-42A3-9474-1A3956D46DE8}") = "Test", "Test", "{D3EE05AA-4913-4CA5-A106-8145324E37D0}"
EndProject
Project("{FAE04EC0-301F-11D3-BF4B-00C04F79EFBC}") = "TaxiOperation_WebTest", "TaxiOperation_WebTest\TaxiOperation_WebTest.csproj", "{DEB51FBE-DDA2-4B64-8565-2740EFACE2EB}"
EndProject
Project("{FAE04EC0-301F-11D3-BF4B-00C04F79EFBC}") = "Taxi.Services", "Taxi.Services\Taxi.Services.csproj", "{1BB1149D-AB19-462E-8D3D-F18A207B6EF8}"
EndProject
Project("{FAE04EC0-301F-11D3-BF4B-00C04F79EFBC}") = "TaxiOperation_DienThoai_ENVANGVIP", "TaxiOperation_DienThoai_ENVANGVIP\TaxiOperation_DienThoai_ENVANGVIP.csproj", "{C2117940-1429-4E1F-A506-3FF7238CB987}"
EndProject
Project("{2150E333-8FDC-42A3-9474-1A3956D46DE8}") = "TaxiOperation_EnVangVip", "TaxiOperation_EnVangVip", "{28CFB618-C113-4C0C-9AD6-3E4E84329714}"
EndProject
Project("{FAE04EC0-301F-11D3-BF4B-00C04F79EFBC}") = "TaxiOperation_TongDai_ENVANGVIP", "TaxiOperation_TongDai_ENVANGVIP\TaxiOperation_TongDai_ENVANGVIP.csproj", "{9A76A81C-A8C5-47DE-AE33-531CAFDDA69B}"
EndProject
Project("{FAE04EC0-301F-11D3-BF4B-00C04F79EFBC}") = "BA.CallCaptureOpenSpaceSiemens", "BA.CallCaptureOpenSpaceSiemens\BA.CallCaptureOpenSpaceSiemens.csproj", "{44A15DAF-75C1-4F45-9F6E-E74FBB568AD0}"
EndProject
Project("{2150E333-8FDC-42A3-9474-1A3956D46DE8}") = "Libraries", "Libraries", "{ABCDF4CE-0D34-4EF6-9058-F308E1411EE8}"
EndProject
Project("{2150E333-8FDC-42A3-9474-1A3956D46DE8}") = "Services", "Services", "{F5CCA262-5C2D-48DF-A50F-C16C4725E62F}"
EndProject
Project("{2150E333-8FDC-42A3-9474-1A3956D46DE8}") = "Data", "Data", "{59113F51-D57A-4619-91E3-8E43EAF0D5D5}"
EndProject
Project("{2150E333-8FDC-42A3-9474-1A3956D46DE8}") = "TaxiOperation_Staxi", "TaxiOperation_Staxi", "{94FBF397-209F-441C-98C8-E4FC0E4B202D}"
EndProject
Project("{2150E333-8FDC-42A3-9474-1A3956D46DE8}") = "Others", "Others", "{9920042F-959F-43F3-BA49-22E6956C1E7F}"
EndProject
Project("{2150E333-8FDC-42A3-9474-1A3956D46DE8}") = "TaxiOperation_G5", "TaxiOperation_G5", "{6D18F3C3-A0D0-44E4-8E51-2725EFC0E152}"
EndProject
Project("{FAE04EC0-301F-11D3-BF4B-00C04F79EFBC}") = "TaxiOperation_TongDai_G5", "TaxiOperation_TongDai_G5\TaxiOperation_TongDai_G5.csproj", "{E79D0B8A-A79D-4DAC-8E88-B067BFE36D9A}"
EndProject
Project("{FAE04EC0-301F-11D3-BF4B-00C04F79EFBC}") = "TaxiOperation_DienThoai_G5", "TaxiOperation_DienThoai_G5\TaxiOperation_DienThoai_G5.csproj", "{2EC03F78-3CFD-41C8-BBF4-0C9CD0577FB9}"
EndProject
Project("{2150E333-8FDC-42A3-9474-1A3956D46DE8}") = "Common", "Common", "{8302D8D1-73A0-4524-91F6-ED06323827D1}"
EndProject
Project("{2150E333-8FDC-42A3-9474-1A3956D46DE8}") = "TaxiOperation_PhuongTrang", "TaxiOperation_PhuongTrang", "{C88299C4-4593-4793-A596-9F3FD7305529}"
EndProject
Project("{FAE04EC0-301F-11D3-BF4B-00C04F79EFBC}") = "TaxiOperation_DienThoai_PhuongTrang", "TaxiOperation_DienThoai_PhuongTrang\TaxiOperation_DienThoai_PhuongTrang.csproj", "{98DC77AC-C64F-49ED-BAB6-E57703055F64}"
EndProject
Project("{FAE04EC0-301F-11D3-BF4B-00C04F79EFBC}") = "TaxiOperation_TongDai_PhuongTrang", "TaxiOperation_TongDai_PhuongTrang\TaxiOperation_TongDai_PhuongTrang.csproj", "{9232D53A-DED6-4100-B1D8-5CC534346D83}"
EndProject
Project("{FAE04EC0-301F-11D3-BF4B-00C04F79EFBC}") = "TaxiOperation_DieuHanhChinh_PhuongTrang", "TaxiOperation_DieuHanhChinh_PhuongTrang\TaxiOperation_DieuHanhChinh_PhuongTrang.csproj", "{263FD811-AA2C-46FE-BD2B-0057F6A8C6D6}"
EndProject
Project("{FAE04EC0-301F-11D3-BF4B-00C04F79EFBC}") = "DevExpressProject_Test", "DevExpressProject_Test\DevExpressProject_Test.csproj", "{87A8BFB7-75FA-4807-AC6A-933105FF10A8}"
EndProject
Project("{FAE04EC0-301F-11D3-BF4B-00C04F79EFBC}") = "ToolTest", "ToolTest\ToolTest.csproj", "{BF819A3B-9494-4397-8C9A-E2F02B00F06E}"
EndProject
Project("{FAE04EC0-301F-11D3-BF4B-00C04F79EFBC}") = "TaxiOperation.API", "TaxiOperation.API\TaxiOperation.API.csproj", "{0881C71F-0D9A-4D91-94E8-2D03F4C52F03}"
EndProject
Project("{FAE04EC0-301F-11D3-BF4B-00C04F79EFBC}") = "WindowsFormsApplication_Test", "WindowsFormsApplication_Test\WindowsFormsApplication_Test.csproj", "{AF8BB30B-735A-4A5D-94D3-77A5F2A93B63}"
EndProject
Project("{2150E333-8FDC-42A3-9474-1A3956D46DE8}") = "TestAddressTool", "TestAddressTool", "{F152C5D5-5261-4CD4-A142-C12B81507910}"
EndProject
Project("{FAE04EC0-301F-11D3-BF4B-00C04F79EFBC}") = "TestAddress", "TestAddress\TestAddress.csproj", "{9E5F9687-DD78-4887-8BC3-0E3D469B5C05}"
EndProject
Project("{FAE04EC0-301F-11D3-BF4B-00C04F79EFBC}") = "Console_Test", "Console_Test\Console_Test.csproj", "{5F5548DF-0BE3-4C12-B933-202A94686EAD}"
EndProject
Project("{FAE04EC0-301F-11D3-BF4B-00C04F79EFBC}") = "TaxiOperation_Services", "TaxiOperation_Services\TaxiOperation_Services.csproj", "{071E6099-DC73-4D26-9DDF-DFFA0482E1D9}"
EndProject
Project("{FAE04EC0-301F-11D3-BF4B-00C04F79EFBC}") = "StaxiMan", "StaxiMan\StaxiMan.csproj", "{A83E28CF-1837-4E84-8C01-798DD50CF68E}"
EndProject
Project("{FAE04EC0-301F-11D3-BF4B-00C04F79EFBC}") = "StaxiMan_Services", "StaxiMan_Services\StaxiMan_Services.csproj", "{99988946-F41E-42E8-8A5D-7DC72D0D346A}"
EndProject
Project("{FAE04EC0-301F-11D3-BF4B-00C04F79EFBC}") = "FormTestServices", "FormTestServices\FormTestServices.csproj", "{637C2EBE-9B5C-4C4A-B573-C7329E7DCBAF}"
EndProject
Project("{FAE04EC0-301F-11D3-BF4B-00C04F79EFBC}") = "StaxiManClient", "StaxiManClient\StaxiManClient.csproj", "{41E2E509-32DF-4B1E-8E16-9D7C5A86921A}"
EndProject
Project("{FAE04EC0-301F-11D3-BF4B-00C04F79EFBC}") = "Staxi_ReplacePhoneNumber", "Staxi_ReplacePhoneNumber\Staxi_ReplacePhoneNumber.csproj", "{86F1D051-F17D-473E-BAB1-93786E165F6A}"
EndProject
Project("{FAE04EC0-301F-11D3-BF4B-00C04F79EFBC}") = "Logger", "Logger\Logger.csproj", "{F42F0E0B-3F0D-4230-AFDF-FD9F8089F593}"
EndProject
Project("{FAE04EC0-301F-11D3-BF4B-00C04F79EFBC}") = "StaxiMan_DAL", "StaxiMan_DAL\StaxiMan_DAL.csproj", "{C6CEA13A-3AA8-420D-A54E-7D83B5AED6A8}"
EndProject
Project("{FAE04EC0-301F-11D3-BF4B-00C04F79EFBC}") = "TaxiOperation_Tansonic", "TaxiOperation_Tansonic\TaxiOperation_Tansonic.csproj", "{70E6108F-A395-4DD7-8B1F-7568E0665077}"
EndProject
Project("{FAE04EC0-301F-11D3-BF4B-00C04F79EFBC}") = "IPConfig", "IPConfig\IPConfig.csproj", "{193B586D-7C10-41A1-B4B6-F51F41674073}"
EndProject
Project("{FAE04EC0-301F-11D3-BF4B-00C04F79EFBC}") = "SMSManager", "SMSManager\SMSManager.csproj", "{76AF5AC6-6944-4D69-9EEA-79A661119797}"
EndProject
Global
	GlobalSection(TeamFoundationVersionControl) = preSolution
		SccNumberOfProjects = 47
		SccEnterpriseProvider = {4CA58AB2-18FA-4F8D-95D4-32DDF27D184C}
		SccTeamFoundationServer = http://192.168.1.16:8080/tfs/binhanh
		SccLocalPath0 = .
		SccProjectUniqueName1 = TaxiOperation_CallCapture2\\TaxiOperation_CallCapture_v2.csproj
		SccProjectTopLevelParentUniqueName1 = TaxiOperationGPS_FastTaxi.sln
		SccProjectName1 = TaxiOperation_CallCapture2
		SccLocalPath1 = TaxiOperation_CallCapture2
		SccProjectUniqueName2 = BAGPS\\BAGPS.csproj
		SccProjectTopLevelParentUniqueName2 = TaxiOperationGPS_FastTaxi.sln
		SccProjectName2 = BAGPS
		SccLocalPath2 = BAGPS
		SccProjectUniqueName3 = APIServices\\APIServices.csproj
		SccProjectTopLevelParentUniqueName3 = TaxiOperationGPS_FastTaxi.sln
		SccProjectName3 = APIServices
		SccLocalPath3 = APIServices
		SccProjectUniqueName4 = Femiani.Forms.UI\\Femiani.Forms.UI.csproj
		SccProjectTopLevelParentUniqueName4 = TaxiOperationGPS_FastTaxi.sln
		SccProjectName4 = Femiani.Forms.UI
		SccLocalPath4 = Femiani.Forms.UI
		SccProjectUniqueName5 = Taxi.Entity\\Taxi.Entity.csproj
		SccProjectTopLevelParentUniqueName5 = TaxiOperationGPS_FastTaxi.sln
		SccProjectName5 = Taxi.Entity
		SccLocalPath5 = Taxi.Entity
		SccProjectUniqueName6 = TaxiOperation_TongDaiV2\\TaxiOperation_TongDaiV2.csproj
		SccProjectTopLevelParentUniqueName6 = TaxiOperationGPS_FastTaxi.sln
		SccProjectName6 = TaxiOperation_TongDaiV2
		SccLocalPath6 = TaxiOperation_TongDaiV2
		SccProjectUniqueName7 = Taxi.Utils\\Taxi.Utils.csproj
		SccProjectTopLevelParentUniqueName7 = TaxiOperationGPS_FastTaxi.sln
		SccProjectName7 = Taxi.Utils
		SccLocalPath7 = Taxi.Utils
		SccProjectUniqueName8 = Taxi.MessageBox\\Taxi.MessageBox.csproj
		SccProjectTopLevelParentUniqueName8 = TaxiOperationGPS_FastTaxi.sln
		SccProjectName8 = Taxi.MessageBox
		SccLocalPath8 = Taxi.MessageBox
		SccProjectUniqueName9 = Taxi.Exception\\Taxi.Exceptions.csproj
		SccProjectTopLevelParentUniqueName9 = TaxiOperationGPS_FastTaxi.sln
		SccProjectName9 = Taxi.Exception
		SccLocalPath9 = Taxi.Exception
		SccProjectUniqueName10 = Taxi.Data\\Taxi.Data.csproj
		SccProjectTopLevelParentUniqueName10 = TaxiOperationGPS_FastTaxi.sln
		SccProjectName10 = Taxi.Data
		SccLocalPath10 = Taxi.Data
		SccProjectUniqueName11 = Taxi.Controls\\Taxi.Controls.csproj
		SccProjectTopLevelParentUniqueName11 = TaxiOperationGPS_FastTaxi.sln
		SccProjectName11 = Taxi.Controls
		SccLocalPath11 = Taxi.Controls
		SccProjectUniqueName12 = Taxi.Business\\Taxi.Business.csproj
		SccProjectTopLevelParentUniqueName12 = TaxiOperationGPS_FastTaxi.sln
		SccProjectName12 = Taxi.Business
		SccLocalPath12 = Taxi.Business
		SccProjectUniqueName13 = TaxiOperation_MoiKhach\\TaxiOperation_MoiKhach.csproj
		SccProjectTopLevelParentUniqueName13 = TaxiOperationGPS_FastTaxi.sln
		SccProjectName13 = TaxiOperation_MoiKhach
		SccLocalPath13 = TaxiOperation_MoiKhach
		SccProjectUniqueName14 = TaxiOperation_DieuHanhChinhV2\\TaxiOperation_DieuHanhChinhV2.csproj
		SccProjectTopLevelParentUniqueName14 = TaxiOperationGPS_FastTaxi.sln
		SccProjectName14 = TaxiOperation_DieuHanhChinhV2
		SccLocalPath14 = TaxiOperation_DieuHanhChinhV2
		SccProjectUniqueName15 = TaxiOperation_DienThoaiV2\\TaxiOperation_DienThoaiV2.csproj
		SccProjectTopLevelParentUniqueName15 = TaxiOperationGPS_FastTaxi.sln
		SccProjectName15 = TaxiOperation_DienThoaiV2
		SccLocalPath15 = TaxiOperation_DienThoaiV2
		SccProjectUniqueName16 = TaxiOperation_CSKH\\TaxiOperation_CSKH.csproj
		SccProjectTopLevelParentUniqueName16 = TaxiOperationGPS_FastTaxi.sln
		SccProjectName16 = TaxiOperation_CSKH
		SccLocalPath16 = TaxiOperation_CSKH
		SccProjectUniqueName17 = AutoUpdate\\AutoUpdate.csproj
		SccProjectTopLevelParentUniqueName17 = TaxiOperationGPS_FastTaxi.sln
		SccProjectName17 = AutoUpdate
		SccLocalPath17 = AutoUpdate
		SccProjectUniqueName18 = TaxiOperation_DieuXeDuongDai\\TaxiOperation_DieuXeDuongDai.csproj
		SccProjectTopLevelParentUniqueName18 = TaxiOperationGPS_FastTaxi.sln
		SccProjectName18 = TaxiOperation_DieuXeDuongDai
		SccLocalPath18 = TaxiOperation_DieuXeDuongDai
		SccProjectUniqueName19 = UnitTest\\UnitTest.csproj
		SccProjectTopLevelParentUniqueName19 = TaxiOperationGPS_FastTaxi.sln
		SccProjectName19 = UnitTest
		SccLocalPath19 = UnitTest
		SccProjectUniqueName20 = TaxiOperation_WebTest\\TaxiOperation_WebTest.csproj
		SccProjectTopLevelParentUniqueName20 = TaxiOperationGPS_FastTaxi.sln
		SccProjectName20 = TaxiOperation_WebTest
		SccLocalPath20 = TaxiOperation_WebTest
		SccProjectUniqueName21 = Taxi.Services\\Taxi.Services.csproj
		SccProjectTopLevelParentUniqueName21 = TaxiOperationGPS_FastTaxi.sln
		SccProjectName21 = Taxi.Services
		SccLocalPath21 = Taxi.Services
		SccProjectUniqueName22 = TaxiOperation_DienThoai_ENVANGVIP\\TaxiOperation_DienThoai_ENVANGVIP.csproj
		SccProjectTopLevelParentUniqueName22 = TaxiOperationGPS_FastTaxi.sln
		SccProjectName22 = TaxiOperation_DienThoai_ENVANGVIP
		SccLocalPath22 = TaxiOperation_DienThoai_ENVANGVIP
		SccProjectUniqueName23 = TaxiOperation_TongDai_ENVANGVIP\\TaxiOperation_TongDai_ENVANGVIP.csproj
		SccProjectTopLevelParentUniqueName23 = TaxiOperationGPS_FastTaxi.sln
		SccProjectName23 = TaxiOperation_TongDai_ENVANGVIP
		SccLocalPath23 = TaxiOperation_TongDai_ENVANGVIP
		SccProjectUniqueName24 = BA.CallCaptureOpenSpaceSiemens\\BA.CallCaptureOpenSpaceSiemens.csproj
		SccProjectTopLevelParentUniqueName24 = TaxiOperationGPS_FastTaxi.sln
		SccProjectName24 = BA.CallCaptureOpenSpaceSiemens
		SccLocalPath24 = BA.CallCaptureOpenSpaceSiemens
		SccProjectUniqueName25 = TaxiOperation_TongDai_G5\\TaxiOperation_TongDai_G5.csproj
		SccProjectTopLevelParentUniqueName25 = TaxiOperationGPS_FastTaxi.sln
		SccProjectName25 = TaxiOperation_TongDai_G5
		SccLocalPath25 = TaxiOperation_TongDai_G5
		SccProjectUniqueName26 = TaxiOperation_DienThoai_G5\\TaxiOperation_DienThoai_G5.csproj
		SccProjectTopLevelParentUniqueName26 = TaxiOperationGPS_FastTaxi.sln
		SccProjectName26 = TaxiOperation_DienThoai_G5
		SccLocalPath26 = TaxiOperation_DienThoai_G5
		SccProjectUniqueName27 = TaxiOperation_DienThoai_PhuongTrang\\TaxiOperation_DienThoai_PhuongTrang.csproj
		SccProjectTopLevelParentUniqueName27 = TaxiOperationGPS_FastTaxi.sln
		SccProjectName27 = TaxiOperation_DienThoai_PhuongTrang
		SccLocalPath27 = TaxiOperation_DienThoai_PhuongTrang
		SccProjectUniqueName28 = TaxiOperation_TongDai_PhuongTrang\\TaxiOperation_TongDai_PhuongTrang.csproj
		SccProjectTopLevelParentUniqueName28 = TaxiOperationGPS_FastTaxi.sln
		SccProjectName28 = TaxiOperation_TongDai_PhuongTrang
		SccLocalPath28 = TaxiOperation_TongDai_PhuongTrang
		SccProjectUniqueName29 = TaxiOperation_DieuHanhChinh_PhuongTrang\\TaxiOperation_DieuHanhChinh_PhuongTrang.csproj
		SccProjectTopLevelParentUniqueName29 = TaxiOperationGPS_FastTaxi.sln
		SccProjectName29 = TaxiOperation_DieuHanhChinh_PhuongTrang
		SccLocalPath29 = TaxiOperation_DieuHanhChinh_PhuongTrang
		SccProjectUniqueName30 = DevExpressProject_Test\\DevExpressProject_Test.csproj
		SccProjectTopLevelParentUniqueName30 = TaxiOperationGPS_FastTaxi.sln
		SccProjectName30 = DevExpressProject_Test
		SccLocalPath30 = DevExpressProject_Test
		SccProjectUniqueName31 = ToolTest\\ToolTest.csproj
		SccProjectTopLevelParentUniqueName31 = TaxiOperationGPS_FastTaxi.sln
		SccProjectName31 = ToolTest
		SccLocalPath31 = ToolTest
		SccProjectUniqueName32 = TaxiOperation.API\\TaxiOperation.API.csproj
		SccProjectTopLevelParentUniqueName32 = TaxiOperationGPS_FastTaxi.sln
		SccProjectName32 = TaxiOperation.API
		SccLocalPath32 = TaxiOperation.API
		SccProjectUniqueName33 = WindowsFormsApplication_Test\\WindowsFormsApplication_Test.csproj
		SccProjectTopLevelParentUniqueName33 = TaxiOperationGPS_FastTaxi.sln
		SccProjectName33 = WindowsFormsApplication_Test
		SccLocalPath33 = WindowsFormsApplication_Test
		SccProjectUniqueName34 = TestAddress\\TestAddress.csproj
		SccProjectTopLevelParentUniqueName34 = TaxiOperationGPS_FastTaxi.sln
		SccProjectName34 = TestAddress
		SccLocalPath34 = TestAddress
		SccProjectUniqueName35 = Console_Test\\Console_Test.csproj
		SccProjectTopLevelParentUniqueName35 = TaxiOperationGPS_FastTaxi.sln
		SccProjectName35 = Console_Test
		SccLocalPath35 = Console_Test
		SccProjectUniqueName36 = TaxiOperation_Services\\TaxiOperation_Services.csproj
		SccProjectTopLevelParentUniqueName36 = TaxiOperationGPS_FastTaxi.sln
		SccProjectName36 = TaxiOperation_Services
		SccLocalPath36 = TaxiOperation_Services
		SccProjectUniqueName37 = StaxiMan\\StaxiMan.csproj
		SccProjectTopLevelParentUniqueName37 = TaxiOperationGPS_FastTaxi.sln
		SccProjectName37 = StaxiMan
		SccLocalPath37 = StaxiMan
		SccProjectUniqueName38 = StaxiMan_Services\\StaxiMan_Services.csproj
		SccProjectTopLevelParentUniqueName38 = TaxiOperationGPS_FastTaxi.sln
		SccProjectName38 = StaxiMan_Services
		SccLocalPath38 = StaxiMan_Services
		SccProjectUniqueName39 = FormTestServices\\FormTestServices.csproj
		SccProjectTopLevelParentUniqueName39 = TaxiOperationGPS_FastTaxi.sln
		SccProjectName39 = FormTestServices
		SccLocalPath39 = FormTestServices
		SccProjectUniqueName40 = StaxiManClient\\StaxiManClient.csproj
		SccProjectTopLevelParentUniqueName40 = TaxiOperationGPS_FastTaxi.sln
		SccProjectName40 = StaxiManClient
		SccLocalPath40 = StaxiManClient
		SccProjectUniqueName41 = Staxi_ReplacePhoneNumber\\Staxi_ReplacePhoneNumber.csproj
		SccProjectTopLevelParentUniqueName41 = TaxiOperationGPS_FastTaxi.sln
		SccProjectName41 = Staxi_ReplacePhoneNumber
		SccLocalPath41 = Staxi_ReplacePhoneNumber
		SccProjectUniqueName42 = Logger\\Logger.csproj
		SccProjectTopLevelParentUniqueName42 = TaxiOperationGPS_FastTaxi.sln
		SccProjectName42 = Logger
		SccLocalPath42 = Logger
		SccProjectUniqueName43 = StaxiMan_DAL\\StaxiMan_DAL.csproj
		SccProjectTopLevelParentUniqueName43 = TaxiOperationGPS_FastTaxi.sln
		SccProjectName43 = StaxiMan_DAL
		SccLocalPath43 = StaxiMan_DAL
		SccProjectUniqueName44 = TaxiOperation_Tansonic\\TaxiOperation_Tansonic.csproj
		SccProjectTopLevelParentUniqueName44 = TaxiOperationGPS_FastTaxi.sln
		SccProjectName44 = TaxiOperation_Tansonic
		SccLocalPath44 = TaxiOperation_Tansonic
		SccProjectUniqueName45 = IPConfig\\IPConfig.csproj
		SccProjectTopLevelParentUniqueName45 = TaxiOperationGPS_FastTaxi.sln
		SccProjectName45 = IPConfig
		SccLocalPath45 = IPConfig
		SccProjectUniqueName46 = SMSManager\\SMSManager.csproj
		SccProjectTopLevelParentUniqueName46 = TaxiOperationGPS_FastTaxi.sln
		SccProjectName46 = SMSManager
		SccLocalPath46 = SMSManager
	EndGlobalSection
	GlobalSection(SolutionConfigurationPlatforms) = preSolution
		Debug|.NET = Debug|.NET
		Debug|Any CPU = Debug|Any CPU
		Debug|Mixed Platforms = Debug|Mixed Platforms
		Debug|x86 = Debug|x86
		Release_X64|.NET = Release_X64|.NET
		Release_X64|Any CPU = Release_X64|Any CPU
		Release_X64|Mixed Platforms = Release_X64|Mixed Platforms
		Release_X64|x86 = Release_X64|x86
		Release|.NET = Release|.NET
		Release|Any CPU = Release|Any CPU
		Release|Mixed Platforms = Release|Mixed Platforms
		Release|x86 = Release|x86
	EndGlobalSection
	GlobalSection(ProjectConfigurationPlatforms) = postSolution
		{FCC3459E-C20E-4FB5-939E-9F02803B1670}.Debug|.NET.ActiveCfg = Debug|x86
		{FCC3459E-C20E-4FB5-939E-9F02803B1670}.Debug|Any CPU.ActiveCfg = Debug|Any CPU
		{FCC3459E-C20E-4FB5-939E-9F02803B1670}.Debug|Mixed Platforms.ActiveCfg = Debug|x86
		{FCC3459E-C20E-4FB5-939E-9F02803B1670}.Debug|x86.ActiveCfg = Debug|x86
		{FCC3459E-C20E-4FB5-939E-9F02803B1670}.Release_X64|.NET.ActiveCfg = Release|x86
		{FCC3459E-C20E-4FB5-939E-9F02803B1670}.Release_X64|Any CPU.ActiveCfg = Release|x86
		{FCC3459E-C20E-4FB5-939E-9F02803B1670}.Release_X64|Mixed Platforms.ActiveCfg = Release|x86
		{FCC3459E-C20E-4FB5-939E-9F02803B1670}.Release_X64|Mixed Platforms.Build.0 = Release|x86
		{FCC3459E-C20E-4FB5-939E-9F02803B1670}.Release_X64|x86.ActiveCfg = Release|x86
		{FCC3459E-C20E-4FB5-939E-9F02803B1670}.Release_X64|x86.Build.0 = Release|x86
		{FCC3459E-C20E-4FB5-939E-9F02803B1670}.Release|.NET.ActiveCfg = Release|x86
		{FCC3459E-C20E-4FB5-939E-9F02803B1670}.Release|Any CPU.ActiveCfg = Release|Any CPU
		{FCC3459E-C20E-4FB5-939E-9F02803B1670}.Release|Any CPU.Build.0 = Release|Any CPU
		{FCC3459E-C20E-4FB5-939E-9F02803B1670}.Release|Mixed Platforms.ActiveCfg = Release|x86
		{FCC3459E-C20E-4FB5-939E-9F02803B1670}.Release|x86.ActiveCfg = Release|x86
		{FCC3459E-C20E-4FB5-939E-9F02803B1670}.Release|x86.Build.0 = Release|x86
		{7735D197-2C9E-4C66-93C2-6D381388A73F}.Debug|.NET.ActiveCfg = Debug|x86
		{7735D197-2C9E-4C66-93C2-6D381388A73F}.Debug|Any CPU.ActiveCfg = Debug|Any CPU
		{7735D197-2C9E-4C66-93C2-6D381388A73F}.Debug|Any CPU.Build.0 = Debug|Any CPU
		{7735D197-2C9E-4C66-93C2-6D381388A73F}.Debug|Mixed Platforms.ActiveCfg = Debug|x86
		{7735D197-2C9E-4C66-93C2-6D381388A73F}.Debug|Mixed Platforms.Build.0 = Debug|x86
		{7735D197-2C9E-4C66-93C2-6D381388A73F}.Debug|x86.ActiveCfg = Debug|x86
		{7735D197-2C9E-4C66-93C2-6D381388A73F}.Debug|x86.Build.0 = Debug|x86
		{7735D197-2C9E-4C66-93C2-6D381388A73F}.Release_X64|.NET.ActiveCfg = Release|x86
		{7735D197-2C9E-4C66-93C2-6D381388A73F}.Release_X64|Any CPU.ActiveCfg = Release|x86
		{7735D197-2C9E-4C66-93C2-6D381388A73F}.Release_X64|Mixed Platforms.ActiveCfg = Release|x86
		{7735D197-2C9E-4C66-93C2-6D381388A73F}.Release_X64|Mixed Platforms.Build.0 = Release|x86
		{7735D197-2C9E-4C66-93C2-6D381388A73F}.Release_X64|x86.ActiveCfg = Release|x86
		{7735D197-2C9E-4C66-93C2-6D381388A73F}.Release_X64|x86.Build.0 = Release|x86
		{7735D197-2C9E-4C66-93C2-6D381388A73F}.Release|.NET.ActiveCfg = Release|x86
		{7735D197-2C9E-4C66-93C2-6D381388A73F}.Release|Any CPU.ActiveCfg = Release|Any CPU
		{7735D197-2C9E-4C66-93C2-6D381388A73F}.Release|Any CPU.Build.0 = Release|Any CPU
		{7735D197-2C9E-4C66-93C2-6D381388A73F}.Release|Mixed Platforms.ActiveCfg = Release|x86
		{7735D197-2C9E-4C66-93C2-6D381388A73F}.Release|Mixed Platforms.Build.0 = Release|x86
		{7735D197-2C9E-4C66-93C2-6D381388A73F}.Release|x86.ActiveCfg = Release|x86
		{7735D197-2C9E-4C66-93C2-6D381388A73F}.Release|x86.Build.0 = Release|x86
		{8F31ACE4-7000-4F23-8DC1-8DBA9CC18797}.Debug|.NET.ActiveCfg = Debug|x86
		{8F31ACE4-7000-4F23-8DC1-8DBA9CC18797}.Debug|Any CPU.ActiveCfg = Debug|Any CPU
		{8F31ACE4-7000-4F23-8DC1-8DBA9CC18797}.Debug|Mixed Platforms.ActiveCfg = Debug|x86
		{8F31ACE4-7000-4F23-8DC1-8DBA9CC18797}.Debug|x86.ActiveCfg = Debug|x86
		{8F31ACE4-7000-4F23-8DC1-8DBA9CC18797}.Release_X64|.NET.ActiveCfg = Release|x86
		{8F31ACE4-7000-4F23-8DC1-8DBA9CC18797}.Release_X64|Any CPU.ActiveCfg = Release|x86
		{8F31ACE4-7000-4F23-8DC1-8DBA9CC18797}.Release_X64|Mixed Platforms.ActiveCfg = Release|x86
		{8F31ACE4-7000-4F23-8DC1-8DBA9CC18797}.Release_X64|Mixed Platforms.Build.0 = Release|x86
		{8F31ACE4-7000-4F23-8DC1-8DBA9CC18797}.Release_X64|x86.ActiveCfg = Release|x86
		{8F31ACE4-7000-4F23-8DC1-8DBA9CC18797}.Release_X64|x86.Build.0 = Release|x86
		{8F31ACE4-7000-4F23-8DC1-8DBA9CC18797}.Release|.NET.ActiveCfg = Release|x86
		{8F31ACE4-7000-4F23-8DC1-8DBA9CC18797}.Release|Any CPU.ActiveCfg = Release|Any CPU
		{8F31ACE4-7000-4F23-8DC1-8DBA9CC18797}.Release|Any CPU.Build.0 = Release|Any CPU
		{8F31ACE4-7000-4F23-8DC1-8DBA9CC18797}.Release|Mixed Platforms.ActiveCfg = Release|x86
		{8F31ACE4-7000-4F23-8DC1-8DBA9CC18797}.Release|x86.ActiveCfg = Release|x86
		{8F31ACE4-7000-4F23-8DC1-8DBA9CC18797}.Release|x86.Build.0 = Release|x86
		{889A0A5C-D624-49B5-877E-C365672541A8}.Debug|.NET.ActiveCfg = Debug|x86
		{889A0A5C-D624-49B5-877E-C365672541A8}.Debug|Any CPU.ActiveCfg = Debug|Any CPU
		{889A0A5C-D624-49B5-877E-C365672541A8}.Debug|Any CPU.Build.0 = Debug|Any CPU
		{889A0A5C-D624-49B5-877E-C365672541A8}.Debug|Mixed Platforms.ActiveCfg = Debug|x86
		{889A0A5C-D624-49B5-877E-C365672541A8}.Debug|Mixed Platforms.Build.0 = Debug|x86
		{889A0A5C-D624-49B5-877E-C365672541A8}.Debug|x86.ActiveCfg = Debug|x86
		{889A0A5C-D624-49B5-877E-C365672541A8}.Debug|x86.Build.0 = Debug|x86
		{889A0A5C-D624-49B5-877E-C365672541A8}.Release_X64|.NET.ActiveCfg = Release|x86
		{889A0A5C-D624-49B5-877E-C365672541A8}.Release_X64|Any CPU.ActiveCfg = Release|Any CPU
		{889A0A5C-D624-49B5-877E-C365672541A8}.Release_X64|Mixed Platforms.ActiveCfg = Release|x86
		{889A0A5C-D624-49B5-877E-C365672541A8}.Release_X64|Mixed Platforms.Build.0 = Release|x86
		{889A0A5C-D624-49B5-877E-C365672541A8}.Release_X64|x86.ActiveCfg = Release|x86
		{889A0A5C-D624-49B5-877E-C365672541A8}.Release_X64|x86.Build.0 = Release|x86
		{889A0A5C-D624-49B5-877E-C365672541A8}.Release|.NET.ActiveCfg = Release|x86
		{889A0A5C-D624-49B5-877E-C365672541A8}.Release|Any CPU.ActiveCfg = Release|Any CPU
		{889A0A5C-D624-49B5-877E-C365672541A8}.Release|Any CPU.Build.0 = Release|Any CPU
		{889A0A5C-D624-49B5-877E-C365672541A8}.Release|Mixed Platforms.ActiveCfg = Release|Any CPU
		{889A0A5C-D624-49B5-877E-C365672541A8}.Release|Mixed Platforms.Build.0 = Release|Any CPU
		{889A0A5C-D624-49B5-877E-C365672541A8}.Release|x86.ActiveCfg = Release|x86
		{889A0A5C-D624-49B5-877E-C365672541A8}.Release|x86.Build.0 = Release|x86
		{AAC3CE12-F739-4F19-8FD9-5399CD29CE2E}.Debug|.NET.ActiveCfg = Debug|x86
		{AAC3CE12-F739-4F19-8FD9-5399CD29CE2E}.Debug|Any CPU.ActiveCfg = Debug|Any CPU
		{AAC3CE12-F739-4F19-8FD9-5399CD29CE2E}.Debug|Any CPU.Build.0 = Debug|Any CPU
		{AAC3CE12-F739-4F19-8FD9-5399CD29CE2E}.Debug|Mixed Platforms.ActiveCfg = Debug|x86
		{AAC3CE12-F739-4F19-8FD9-5399CD29CE2E}.Debug|Mixed Platforms.Build.0 = Debug|x86
		{AAC3CE12-F739-4F19-8FD9-5399CD29CE2E}.Debug|x86.ActiveCfg = Debug|x86
		{AAC3CE12-F739-4F19-8FD9-5399CD29CE2E}.Debug|x86.Build.0 = Debug|x86
		{AAC3CE12-F739-4F19-8FD9-5399CD29CE2E}.Release_X64|.NET.ActiveCfg = Release|x86
		{AAC3CE12-F739-4F19-8FD9-5399CD29CE2E}.Release_X64|Any CPU.ActiveCfg = Release|Any CPU
		{AAC3CE12-F739-4F19-8FD9-5399CD29CE2E}.Release_X64|Mixed Platforms.ActiveCfg = Release|x86
		{AAC3CE12-F739-4F19-8FD9-5399CD29CE2E}.Release_X64|Mixed Platforms.Build.0 = Release|x86
		{AAC3CE12-F739-4F19-8FD9-5399CD29CE2E}.Release_X64|x86.ActiveCfg = Release|x86
		{AAC3CE12-F739-4F19-8FD9-5399CD29CE2E}.Release_X64|x86.Build.0 = Release|x86
		{AAC3CE12-F739-4F19-8FD9-5399CD29CE2E}.Release|.NET.ActiveCfg = Release|x86
		{AAC3CE12-F739-4F19-8FD9-5399CD29CE2E}.Release|Any CPU.ActiveCfg = Release|Any CPU
		{AAC3CE12-F739-4F19-8FD9-5399CD29CE2E}.Release|Any CPU.Build.0 = Release|Any CPU
		{AAC3CE12-F739-4F19-8FD9-5399CD29CE2E}.Release|Mixed Platforms.ActiveCfg = Release|Any CPU
		{AAC3CE12-F739-4F19-8FD9-5399CD29CE2E}.Release|Mixed Platforms.Build.0 = Release|Any CPU
		{AAC3CE12-F739-4F19-8FD9-5399CD29CE2E}.Release|x86.ActiveCfg = Release|x86
		{AAC3CE12-F739-4F19-8FD9-5399CD29CE2E}.Release|x86.Build.0 = Release|x86
		{C6D7A3EE-B50C-4EA6-9053-2ED7F6C9975D}.Debug|.NET.ActiveCfg = Debug|x86
		{C6D7A3EE-B50C-4EA6-9053-2ED7F6C9975D}.Debug|Any CPU.ActiveCfg = Debug|Any CPU
		{C6D7A3EE-B50C-4EA6-9053-2ED7F6C9975D}.Debug|Any CPU.Build.0 = Debug|Any CPU
		{C6D7A3EE-B50C-4EA6-9053-2ED7F6C9975D}.Debug|Mixed Platforms.ActiveCfg = Debug|x86
		{C6D7A3EE-B50C-4EA6-9053-2ED7F6C9975D}.Debug|Mixed Platforms.Build.0 = Debug|x86
		{C6D7A3EE-B50C-4EA6-9053-2ED7F6C9975D}.Debug|x86.ActiveCfg = Debug|x86
		{C6D7A3EE-B50C-4EA6-9053-2ED7F6C9975D}.Debug|x86.Build.0 = Debug|x86
		{C6D7A3EE-B50C-4EA6-9053-2ED7F6C9975D}.Release_X64|.NET.ActiveCfg = Release|x86
		{C6D7A3EE-B50C-4EA6-9053-2ED7F6C9975D}.Release_X64|Any CPU.ActiveCfg = Release|Any CPU
		{C6D7A3EE-B50C-4EA6-9053-2ED7F6C9975D}.Release_X64|Mixed Platforms.ActiveCfg = Release|x86
		{C6D7A3EE-B50C-4EA6-9053-2ED7F6C9975D}.Release_X64|Mixed Platforms.Build.0 = Release|x86
		{C6D7A3EE-B50C-4EA6-9053-2ED7F6C9975D}.Release_X64|x86.ActiveCfg = Release|x86
		{C6D7A3EE-B50C-4EA6-9053-2ED7F6C9975D}.Release_X64|x86.Build.0 = Release|x86
		{C6D7A3EE-B50C-4EA6-9053-2ED7F6C9975D}.Release|.NET.ActiveCfg = Release|x86
		{C6D7A3EE-B50C-4EA6-9053-2ED7F6C9975D}.Release|Any CPU.ActiveCfg = Release|Any CPU
		{C6D7A3EE-B50C-4EA6-9053-2ED7F6C9975D}.Release|Any CPU.Build.0 = Release|Any CPU
		{C6D7A3EE-B50C-4EA6-9053-2ED7F6C9975D}.Release|Mixed Platforms.ActiveCfg = Release|Any CPU
		{C6D7A3EE-B50C-4EA6-9053-2ED7F6C9975D}.Release|Mixed Platforms.Build.0 = Release|Any CPU
		{C6D7A3EE-B50C-4EA6-9053-2ED7F6C9975D}.Release|x86.ActiveCfg = Release|x86
		{C6D7A3EE-B50C-4EA6-9053-2ED7F6C9975D}.Release|x86.Build.0 = Release|x86
		{F46E3F0B-30A1-4228-9680-3F46897A27AD}.Debug|.NET.ActiveCfg = Debug|x86
		{F46E3F0B-30A1-4228-9680-3F46897A27AD}.Debug|Any CPU.ActiveCfg = Debug|Any CPU
		{F46E3F0B-30A1-4228-9680-3F46897A27AD}.Debug|Any CPU.Build.0 = Debug|Any CPU
		{F46E3F0B-30A1-4228-9680-3F46897A27AD}.Debug|Mixed Platforms.ActiveCfg = Debug|x86
		{F46E3F0B-30A1-4228-9680-3F46897A27AD}.Debug|x86.ActiveCfg = Debug|x86
		{F46E3F0B-30A1-4228-9680-3F46897A27AD}.Release_X64|.NET.ActiveCfg = Release|x86
		{F46E3F0B-30A1-4228-9680-3F46897A27AD}.Release_X64|Any CPU.ActiveCfg = Release|Any CPU
		{F46E3F0B-30A1-4228-9680-3F46897A27AD}.Release_X64|Mixed Platforms.ActiveCfg = Release|x86
		{F46E3F0B-30A1-4228-9680-3F46897A27AD}.Release_X64|Mixed Platforms.Build.0 = Release|x86
		{F46E3F0B-30A1-4228-9680-3F46897A27AD}.Release_X64|x86.ActiveCfg = Release|x86
		{F46E3F0B-30A1-4228-9680-3F46897A27AD}.Release_X64|x86.Build.0 = Release|x86
		{F46E3F0B-30A1-4228-9680-3F46897A27AD}.Release|.NET.ActiveCfg = Release|x86
		{F46E3F0B-30A1-4228-9680-3F46897A27AD}.Release|Any CPU.ActiveCfg = Release|Any CPU
		{F46E3F0B-30A1-4228-9680-3F46897A27AD}.Release|Any CPU.Build.0 = Release|Any CPU
		{F46E3F0B-30A1-4228-9680-3F46897A27AD}.Release|Mixed Platforms.ActiveCfg = Release|Any CPU
		{F46E3F0B-30A1-4228-9680-3F46897A27AD}.Release|Mixed Platforms.Build.0 = Release|Any CPU
		{F46E3F0B-30A1-4228-9680-3F46897A27AD}.Release|x86.ActiveCfg = Release|x86
		{F46E3F0B-30A1-4228-9680-3F46897A27AD}.Release|x86.Build.0 = Release|x86
		{6D777AC5-0A39-4D93-807F-49D602071243}.Debug|.NET.ActiveCfg = Debug|x86
		{6D777AC5-0A39-4D93-807F-49D602071243}.Debug|Any CPU.ActiveCfg = Debug|Any CPU
		{6D777AC5-0A39-4D93-807F-49D602071243}.Debug|Any CPU.Build.0 = Debug|Any CPU
		{6D777AC5-0A39-4D93-807F-49D602071243}.Debug|Mixed Platforms.ActiveCfg = Debug|x86
		{6D777AC5-0A39-4D93-807F-49D602071243}.Debug|x86.ActiveCfg = Debug|x86
		{6D777AC5-0A39-4D93-807F-49D602071243}.Release_X64|.NET.ActiveCfg = Release|x86
		{6D777AC5-0A39-4D93-807F-49D602071243}.Release_X64|Any CPU.ActiveCfg = Release|Any CPU
		{6D777AC5-0A39-4D93-807F-49D602071243}.Release_X64|Mixed Platforms.ActiveCfg = Release|x86
		{6D777AC5-0A39-4D93-807F-49D602071243}.Release_X64|Mixed Platforms.Build.0 = Release|x86
		{6D777AC5-0A39-4D93-807F-49D602071243}.Release_X64|x86.ActiveCfg = Release|x86
		{6D777AC5-0A39-4D93-807F-49D602071243}.Release_X64|x86.Build.0 = Release|x86
		{6D777AC5-0A39-4D93-807F-49D602071243}.Release|.NET.ActiveCfg = Release|x86
		{6D777AC5-0A39-4D93-807F-49D602071243}.Release|Any CPU.ActiveCfg = Release|Any CPU
		{6D777AC5-0A39-4D93-807F-49D602071243}.Release|Any CPU.Build.0 = Release|Any CPU
		{6D777AC5-0A39-4D93-807F-49D602071243}.Release|Mixed Platforms.ActiveCfg = Release|Any CPU
		{6D777AC5-0A39-4D93-807F-49D602071243}.Release|Mixed Platforms.Build.0 = Release|Any CPU
		{6D777AC5-0A39-4D93-807F-49D602071243}.Release|x86.ActiveCfg = Release|x86
		{6D777AC5-0A39-4D93-807F-49D602071243}.Release|x86.Build.0 = Release|x86
		{E7EBA72B-31F7-4280-90A5-DA0984CCE7D9}.Debug|.NET.ActiveCfg = Debug|x86
		{E7EBA72B-31F7-4280-90A5-DA0984CCE7D9}.Debug|Any CPU.ActiveCfg = Debug|Any CPU
		{E7EBA72B-31F7-4280-90A5-DA0984CCE7D9}.Debug|Any CPU.Build.0 = Debug|Any CPU
		{E7EBA72B-31F7-4280-90A5-DA0984CCE7D9}.Debug|Mixed Platforms.ActiveCfg = Debug|x86
		{E7EBA72B-31F7-4280-90A5-DA0984CCE7D9}.Debug|Mixed Platforms.Build.0 = Debug|x86
		{E7EBA72B-31F7-4280-90A5-DA0984CCE7D9}.Debug|x86.ActiveCfg = Debug|x86
		{E7EBA72B-31F7-4280-90A5-DA0984CCE7D9}.Debug|x86.Build.0 = Debug|x86
		{E7EBA72B-31F7-4280-90A5-DA0984CCE7D9}.Release_X64|.NET.ActiveCfg = Release|x86
		{E7EBA72B-31F7-4280-90A5-DA0984CCE7D9}.Release_X64|Any CPU.ActiveCfg = Release|x86
		{E7EBA72B-31F7-4280-90A5-DA0984CCE7D9}.Release_X64|Mixed Platforms.ActiveCfg = Release|x86
		{E7EBA72B-31F7-4280-90A5-DA0984CCE7D9}.Release_X64|Mixed Platforms.Build.0 = Release|x86
		{E7EBA72B-31F7-4280-90A5-DA0984CCE7D9}.Release_X64|x86.ActiveCfg = Release|x86
		{E7EBA72B-31F7-4280-90A5-DA0984CCE7D9}.Release_X64|x86.Build.0 = Release|x86
		{E7EBA72B-31F7-4280-90A5-DA0984CCE7D9}.Release|.NET.ActiveCfg = Release|x86
		{E7EBA72B-31F7-4280-90A5-DA0984CCE7D9}.Release|Any CPU.ActiveCfg = Release|Any CPU
		{E7EBA72B-31F7-4280-90A5-DA0984CCE7D9}.Release|Any CPU.Build.0 = Release|Any CPU
		{E7EBA72B-31F7-4280-90A5-DA0984CCE7D9}.Release|Mixed Platforms.ActiveCfg = Release|Any CPU
		{E7EBA72B-31F7-4280-90A5-DA0984CCE7D9}.Release|Mixed Platforms.Build.0 = Release|Any CPU
		{E7EBA72B-31F7-4280-90A5-DA0984CCE7D9}.Release|x86.ActiveCfg = Release|x86
		{E7EBA72B-31F7-4280-90A5-DA0984CCE7D9}.Release|x86.Build.0 = Release|x86
		{82E0F277-288D-468C-B09F-E2C4ED26565C}.Debug|.NET.ActiveCfg = Debug|x86
		{82E0F277-288D-468C-B09F-E2C4ED26565C}.Debug|Any CPU.ActiveCfg = Debug|Any CPU
		{82E0F277-288D-468C-B09F-E2C4ED26565C}.Debug|Mixed Platforms.ActiveCfg = Debug|x86
		{82E0F277-288D-468C-B09F-E2C4ED26565C}.Debug|x86.ActiveCfg = Debug|x86
		{82E0F277-288D-468C-B09F-E2C4ED26565C}.Release_X64|.NET.ActiveCfg = Release|x86
		{82E0F277-288D-468C-B09F-E2C4ED26565C}.Release_X64|Any CPU.ActiveCfg = Release|x86
		{82E0F277-288D-468C-B09F-E2C4ED26565C}.Release_X64|Mixed Platforms.ActiveCfg = Release|x86
		{82E0F277-288D-468C-B09F-E2C4ED26565C}.Release_X64|Mixed Platforms.Build.0 = Release|x86
		{82E0F277-288D-468C-B09F-E2C4ED26565C}.Release_X64|x86.ActiveCfg = Release|x86
		{82E0F277-288D-468C-B09F-E2C4ED26565C}.Release_X64|x86.Build.0 = Release|x86
		{82E0F277-288D-468C-B09F-E2C4ED26565C}.Release|.NET.ActiveCfg = Release|x86
		{82E0F277-288D-468C-B09F-E2C4ED26565C}.Release|Any CPU.ActiveCfg = Release|Any CPU
		{82E0F277-288D-468C-B09F-E2C4ED26565C}.Release|Any CPU.Build.0 = Release|Any CPU
		{82E0F277-288D-468C-B09F-E2C4ED26565C}.Release|Mixed Platforms.ActiveCfg = Release|x86
		{82E0F277-288D-468C-B09F-E2C4ED26565C}.Release|x86.ActiveCfg = Release|x86
		{82E0F277-288D-468C-B09F-E2C4ED26565C}.Release|x86.Build.0 = Release|x86
		{735B945A-3B37-4796-8810-DE7B3B0D168F}.Debug|.NET.ActiveCfg = Debug|Any CPU
		{735B945A-3B37-4796-8810-DE7B3B0D168F}.Debug|Any CPU.ActiveCfg = Debug|Any CPU
		{735B945A-3B37-4796-8810-DE7B3B0D168F}.Debug|Any CPU.Build.0 = Debug|Any CPU
		{735B945A-3B37-4796-8810-DE7B3B0D168F}.Debug|Mixed Platforms.ActiveCfg = Debug|x86
		{735B945A-3B37-4796-8810-DE7B3B0D168F}.Debug|Mixed Platforms.Build.0 = Debug|x86
		{735B945A-3B37-4796-8810-DE7B3B0D168F}.Debug|x86.ActiveCfg = Debug|x86
		{735B945A-3B37-4796-8810-DE7B3B0D168F}.Debug|x86.Build.0 = Debug|x86
		{735B945A-3B37-4796-8810-DE7B3B0D168F}.Release_X64|.NET.ActiveCfg = Release_X64|Any CPU
		{735B945A-3B37-4796-8810-DE7B3B0D168F}.Release_X64|Any CPU.ActiveCfg = Release|Any CPU
		{735B945A-3B37-4796-8810-DE7B3B0D168F}.Release_X64|Any CPU.Build.0 = Release|Any CPU
		{735B945A-3B37-4796-8810-DE7B3B0D168F}.Release_X64|Mixed Platforms.ActiveCfg = Release_X64|Any CPU
		{735B945A-3B37-4796-8810-DE7B3B0D168F}.Release_X64|Mixed Platforms.Build.0 = Release_X64|Any CPU
		{735B945A-3B37-4796-8810-DE7B3B0D168F}.Release_X64|x86.ActiveCfg = Release_X64|Any CPU
		{735B945A-3B37-4796-8810-DE7B3B0D168F}.Release|.NET.ActiveCfg = Release|Any CPU
		{735B945A-3B37-4796-8810-DE7B3B0D168F}.Release|Any CPU.ActiveCfg = Release|Any CPU
		{735B945A-3B37-4796-8810-DE7B3B0D168F}.Release|Any CPU.Build.0 = Release|Any CPU
		{735B945A-3B37-4796-8810-DE7B3B0D168F}.Release|Mixed Platforms.ActiveCfg = Release|Any CPU
		{735B945A-3B37-4796-8810-DE7B3B0D168F}.Release|Mixed Platforms.Build.0 = Release|Any CPU
		{735B945A-3B37-4796-8810-DE7B3B0D168F}.Release|x86.ActiveCfg = Release|x86
		{77FB2ED1-B6BE-4425-8B29-51E8565E84EC}.Debug|.NET.ActiveCfg = Debug|Any CPU
		{77FB2ED1-B6BE-4425-8B29-51E8565E84EC}.Debug|Any CPU.ActiveCfg = Debug|Any CPU
		{77FB2ED1-B6BE-4425-8B29-51E8565E84EC}.Debug|Any CPU.Build.0 = Debug|Any CPU
		{77FB2ED1-B6BE-4425-8B29-51E8565E84EC}.Debug|Mixed Platforms.ActiveCfg = Debug|x86
		{77FB2ED1-B6BE-4425-8B29-51E8565E84EC}.Debug|Mixed Platforms.Build.0 = Debug|x86
		{77FB2ED1-B6BE-4425-8B29-51E8565E84EC}.Debug|x86.ActiveCfg = Debug|x86
		{77FB2ED1-B6BE-4425-8B29-51E8565E84EC}.Debug|x86.Build.0 = Debug|x86
		{77FB2ED1-B6BE-4425-8B29-51E8565E84EC}.Release_X64|.NET.ActiveCfg = Release_X64|Any CPU
		{77FB2ED1-B6BE-4425-8B29-51E8565E84EC}.Release_X64|Any CPU.ActiveCfg = Release|Any CPU
		{77FB2ED1-B6BE-4425-8B29-51E8565E84EC}.Release_X64|Any CPU.Build.0 = Release|Any CPU
		{77FB2ED1-B6BE-4425-8B29-51E8565E84EC}.Release_X64|Mixed Platforms.ActiveCfg = Release_X64|Any CPU
		{77FB2ED1-B6BE-4425-8B29-51E8565E84EC}.Release_X64|Mixed Platforms.Build.0 = Release_X64|Any CPU
		{77FB2ED1-B6BE-4425-8B29-51E8565E84EC}.Release_X64|x86.ActiveCfg = Release_X64|Any CPU
		{77FB2ED1-B6BE-4425-8B29-51E8565E84EC}.Release|.NET.ActiveCfg = Release|Any CPU
		{77FB2ED1-B6BE-4425-8B29-51E8565E84EC}.Release|Any CPU.ActiveCfg = Release|Any CPU
		{77FB2ED1-B6BE-4425-8B29-51E8565E84EC}.Release|Any CPU.Build.0 = Release|Any CPU
		{77FB2ED1-B6BE-4425-8B29-51E8565E84EC}.Release|Mixed Platforms.ActiveCfg = Debug|Any CPU
		{77FB2ED1-B6BE-4425-8B29-51E8565E84EC}.Release|Mixed Platforms.Build.0 = Debug|Any CPU
		{77FB2ED1-B6BE-4425-8B29-51E8565E84EC}.Release|x86.ActiveCfg = Release|x86
		{1E6E26D3-4C7A-429F-88D8-FDB0D4B4EF8E}.Debug|.NET.ActiveCfg = Debug|Any CPU
		{1E6E26D3-4C7A-429F-88D8-FDB0D4B4EF8E}.Debug|Any CPU.ActiveCfg = Debug|Any CPU
		{1E6E26D3-4C7A-429F-88D8-FDB0D4B4EF8E}.Debug|Mixed Platforms.ActiveCfg = Debug|Any CPU
		{1E6E26D3-4C7A-429F-88D8-FDB0D4B4EF8E}.Debug|x86.ActiveCfg = Debug|Any CPU
		{1E6E26D3-4C7A-429F-88D8-FDB0D4B4EF8E}.Release_X64|.NET.ActiveCfg = Release|Any CPU
		{1E6E26D3-4C7A-429F-88D8-FDB0D4B4EF8E}.Release_X64|Any CPU.ActiveCfg = Release|Any CPU
		{1E6E26D3-4C7A-429F-88D8-FDB0D4B4EF8E}.Release_X64|Any CPU.Build.0 = Release|Any CPU
		{1E6E26D3-4C7A-429F-88D8-FDB0D4B4EF8E}.Release_X64|Mixed Platforms.ActiveCfg = Release|Any CPU
		{1E6E26D3-4C7A-429F-88D8-FDB0D4B4EF8E}.Release_X64|Mixed Platforms.Build.0 = Release|Any CPU
		{1E6E26D3-4C7A-429F-88D8-FDB0D4B4EF8E}.Release_X64|x86.ActiveCfg = Release|Any CPU
		{1E6E26D3-4C7A-429F-88D8-FDB0D4B4EF8E}.Release|.NET.ActiveCfg = Release|Any CPU
		{1E6E26D3-4C7A-429F-88D8-FDB0D4B4EF8E}.Release|Any CPU.ActiveCfg = Release|Any CPU
		{1E6E26D3-4C7A-429F-88D8-FDB0D4B4EF8E}.Release|Mixed Platforms.ActiveCfg = Release|Any CPU
		{1E6E26D3-4C7A-429F-88D8-FDB0D4B4EF8E}.Release|x86.ActiveCfg = Release|x86
		{E836681D-4FBD-417F-8A01-6AB3125AC366}.Debug|.NET.ActiveCfg = Debug|Any CPU
		{E836681D-4FBD-417F-8A01-6AB3125AC366}.Debug|Any CPU.ActiveCfg = Debug|Any CPU
		{E836681D-4FBD-417F-8A01-6AB3125AC366}.Debug|Any CPU.Build.0 = Debug|Any CPU
		{E836681D-4FBD-417F-8A01-6AB3125AC366}.Debug|Mixed Platforms.ActiveCfg = Debug|Any CPU
		{E836681D-4FBD-417F-8A01-6AB3125AC366}.Debug|x86.ActiveCfg = Debug|Any CPU
		{E836681D-4FBD-417F-8A01-6AB3125AC366}.Release_X64|.NET.ActiveCfg = Release|Any CPU
		{E836681D-4FBD-417F-8A01-6AB3125AC366}.Release_X64|Any CPU.ActiveCfg = Release|Any CPU
		{E836681D-4FBD-417F-8A01-6AB3125AC366}.Release_X64|Any CPU.Build.0 = Release|Any CPU
		{E836681D-4FBD-417F-8A01-6AB3125AC366}.Release_X64|Mixed Platforms.ActiveCfg = Release|Any CPU
		{E836681D-4FBD-417F-8A01-6AB3125AC366}.Release_X64|Mixed Platforms.Build.0 = Release|Any CPU
		{E836681D-4FBD-417F-8A01-6AB3125AC366}.Release_X64|x86.ActiveCfg = Release|Any CPU
		{E836681D-4FBD-417F-8A01-6AB3125AC366}.Release|.NET.ActiveCfg = Release|Any CPU
		{E836681D-4FBD-417F-8A01-6AB3125AC366}.Release|Any CPU.ActiveCfg = Release|Any CPU
		{E836681D-4FBD-417F-8A01-6AB3125AC366}.Release|Any CPU.Build.0 = Release|Any CPU
		{E836681D-4FBD-417F-8A01-6AB3125AC366}.Release|Mixed Platforms.ActiveCfg = Release|Any CPU
		{E836681D-4FBD-417F-8A01-6AB3125AC366}.Release|x86.ActiveCfg = Release|x86
		{CABFD939-7449-4016-8FF3-F650D8546162}.Debug|.NET.ActiveCfg = Debug|x86
		{CABFD939-7449-4016-8FF3-F650D8546162}.Debug|Any CPU.ActiveCfg = Debug|Any CPU
		{CABFD939-7449-4016-8FF3-F650D8546162}.Debug|Any CPU.Build.0 = Debug|Any CPU
		{CABFD939-7449-4016-8FF3-F650D8546162}.Debug|Mixed Platforms.ActiveCfg = Debug|x86
		{CABFD939-7449-4016-8FF3-F650D8546162}.Debug|x86.ActiveCfg = Debug|x86
		{CABFD939-7449-4016-8FF3-F650D8546162}.Debug|x86.Build.0 = Debug|x86
		{CABFD939-7449-4016-8FF3-F650D8546162}.Release_X64|.NET.ActiveCfg = Release|x86
		{CABFD939-7449-4016-8FF3-F650D8546162}.Release_X64|Any CPU.ActiveCfg = Release|x86
		{CABFD939-7449-4016-8FF3-F650D8546162}.Release_X64|Mixed Platforms.ActiveCfg = Release|x86
		{CABFD939-7449-4016-8FF3-F650D8546162}.Release_X64|Mixed Platforms.Build.0 = Release|x86
		{CABFD939-7449-4016-8FF3-F650D8546162}.Release_X64|x86.ActiveCfg = Release|x86
		{CABFD939-7449-4016-8FF3-F650D8546162}.Release_X64|x86.Build.0 = Release|x86
		{CABFD939-7449-4016-8FF3-F650D8546162}.Release|.NET.ActiveCfg = Release|x86
		{CABFD939-7449-4016-8FF3-F650D8546162}.Release|Any CPU.ActiveCfg = Release|Any CPU
		{CABFD939-7449-4016-8FF3-F650D8546162}.Release|Any CPU.Build.0 = Release|Any CPU
		{CABFD939-7449-4016-8FF3-F650D8546162}.Release|Mixed Platforms.ActiveCfg = Release|x86
		{CABFD939-7449-4016-8FF3-F650D8546162}.Release|x86.ActiveCfg = Release|x86
		{CABFD939-7449-4016-8FF3-F650D8546162}.Release|x86.Build.0 = Release|x86
		{19F7ADD1-7A35-403C-808D-B64A930C78B5}.Debug|.NET.ActiveCfg = Debug|Any CPU
		{19F7ADD1-7A35-403C-808D-B64A930C78B5}.Debug|Any CPU.ActiveCfg = Debug|Any CPU
		{19F7ADD1-7A35-403C-808D-B64A930C78B5}.Debug|Mixed Platforms.ActiveCfg = Debug|x86
		{19F7ADD1-7A35-403C-808D-B64A930C78B5}.Debug|x86.ActiveCfg = Debug|x86
		{19F7ADD1-7A35-403C-808D-B64A930C78B5}.Release_X64|.NET.ActiveCfg = Release|Any CPU
		{19F7ADD1-7A35-403C-808D-B64A930C78B5}.Release_X64|Any CPU.ActiveCfg = Release|Any CPU
		{19F7ADD1-7A35-403C-808D-B64A930C78B5}.Release_X64|Any CPU.Build.0 = Release|Any CPU
		{19F7ADD1-7A35-403C-808D-B64A930C78B5}.Release_X64|Mixed Platforms.ActiveCfg = Release|Any CPU
		{19F7ADD1-7A35-403C-808D-B64A930C78B5}.Release_X64|Mixed Platforms.Build.0 = Release|Any CPU
		{19F7ADD1-7A35-403C-808D-B64A930C78B5}.Release_X64|x86.ActiveCfg = Release|Any CPU
		{19F7ADD1-7A35-403C-808D-B64A930C78B5}.Release|.NET.ActiveCfg = Release|Any CPU
		{19F7ADD1-7A35-403C-808D-B64A930C78B5}.Release|Any CPU.ActiveCfg = Release|Any CPU
		{19F7ADD1-7A35-403C-808D-B64A930C78B5}.Release|Mixed Platforms.ActiveCfg = Release|Any CPU
		{19F7ADD1-7A35-403C-808D-B64A930C78B5}.Release|x86.ActiveCfg = Release|x86
		{13BF6BC9-9934-46FF-A965-0EA8F3D1FFC9}.Debug|.NET.ActiveCfg = Debug|x86
		{13BF6BC9-9934-46FF-A965-0EA8F3D1FFC9}.Debug|Any CPU.ActiveCfg = Debug|x86
		{13BF6BC9-9934-46FF-A965-0EA8F3D1FFC9}.Debug|Mixed Platforms.ActiveCfg = Debug|x86
		{13BF6BC9-9934-46FF-A965-0EA8F3D1FFC9}.Debug|x86.ActiveCfg = Debug|x86
		{13BF6BC9-9934-46FF-A965-0EA8F3D1FFC9}.Release_X64|.NET.ActiveCfg = Release|x86
		{13BF6BC9-9934-46FF-A965-0EA8F3D1FFC9}.Release_X64|Any CPU.ActiveCfg = Release|x86
		{13BF6BC9-9934-46FF-A965-0EA8F3D1FFC9}.Release_X64|Mixed Platforms.ActiveCfg = Release|x86
		{13BF6BC9-9934-46FF-A965-0EA8F3D1FFC9}.Release_X64|Mixed Platforms.Build.0 = Release|x86
		{13BF6BC9-9934-46FF-A965-0EA8F3D1FFC9}.Release_X64|x86.ActiveCfg = Release|x86
		{13BF6BC9-9934-46FF-A965-0EA8F3D1FFC9}.Release_X64|x86.Build.0 = Release|x86
		{13BF6BC9-9934-46FF-A965-0EA8F3D1FFC9}.Release|.NET.ActiveCfg = Release|x86
		{13BF6BC9-9934-46FF-A965-0EA8F3D1FFC9}.Release|Any CPU.ActiveCfg = Release|x86
		{13BF6BC9-9934-46FF-A965-0EA8F3D1FFC9}.Release|Mixed Platforms.ActiveCfg = Release|x86
		{13BF6BC9-9934-46FF-A965-0EA8F3D1FFC9}.Release|Mixed Platforms.Build.0 = Release|x86
		{13BF6BC9-9934-46FF-A965-0EA8F3D1FFC9}.Release|x86.ActiveCfg = Release|x86
		{13BF6BC9-9934-46FF-A965-0EA8F3D1FFC9}.Release|x86.Build.0 = Release|x86
		{7DE6D86C-6E12-4C8B-8679-8F9E3BC7D438}.Debug|.NET.ActiveCfg = Debug|x86
		{7DE6D86C-6E12-4C8B-8679-8F9E3BC7D438}.Debug|Any CPU.ActiveCfg = Debug|x86
		{7DE6D86C-6E12-4C8B-8679-8F9E3BC7D438}.Debug|Mixed Platforms.ActiveCfg = Debug|x86
		{7DE6D86C-6E12-4C8B-8679-8F9E3BC7D438}.Debug|x86.ActiveCfg = Debug|x86
		{7DE6D86C-6E12-4C8B-8679-8F9E3BC7D438}.Release_X64|.NET.ActiveCfg = Release|x86
		{7DE6D86C-6E12-4C8B-8679-8F9E3BC7D438}.Release_X64|Any CPU.ActiveCfg = Release|x86
		{7DE6D86C-6E12-4C8B-8679-8F9E3BC7D438}.Release_X64|Mixed Platforms.ActiveCfg = Release|x86
		{7DE6D86C-6E12-4C8B-8679-8F9E3BC7D438}.Release_X64|Mixed Platforms.Build.0 = Release|x86
		{7DE6D86C-6E12-4C8B-8679-8F9E3BC7D438}.Release_X64|x86.ActiveCfg = Release|x86
		{7DE6D86C-6E12-4C8B-8679-8F9E3BC7D438}.Release_X64|x86.Build.0 = Release|x86
		{7DE6D86C-6E12-4C8B-8679-8F9E3BC7D438}.Release|.NET.ActiveCfg = Release|x86
		{7DE6D86C-6E12-4C8B-8679-8F9E3BC7D438}.Release|Any CPU.ActiveCfg = Release|x86
		{7DE6D86C-6E12-4C8B-8679-8F9E3BC7D438}.Release|Mixed Platforms.ActiveCfg = Release|x86
		{7DE6D86C-6E12-4C8B-8679-8F9E3BC7D438}.Release|x86.ActiveCfg = Release|x86
		{F9E0FDFC-D8FA-493F-9FA8-BD29A0EBF7EF}.Debug|.NET.ActiveCfg = Debug|Any CPU
		{F9E0FDFC-D8FA-493F-9FA8-BD29A0EBF7EF}.Debug|Any CPU.ActiveCfg = Debug|Any CPU
		{F9E0FDFC-D8FA-493F-9FA8-BD29A0EBF7EF}.Debug|Mixed Platforms.ActiveCfg = Debug|Any CPU
		{F9E0FDFC-D8FA-493F-9FA8-BD29A0EBF7EF}.Debug|x86.ActiveCfg = Debug|Any CPU
		{F9E0FDFC-D8FA-493F-9FA8-BD29A0EBF7EF}.Release_X64|.NET.ActiveCfg = Release|Any CPU
		{F9E0FDFC-D8FA-493F-9FA8-BD29A0EBF7EF}.Release_X64|Any CPU.ActiveCfg = Release|Any CPU
		{F9E0FDFC-D8FA-493F-9FA8-BD29A0EBF7EF}.Release_X64|Any CPU.Build.0 = Release|Any CPU
		{F9E0FDFC-D8FA-493F-9FA8-BD29A0EBF7EF}.Release_X64|Mixed Platforms.ActiveCfg = Release|Any CPU
		{F9E0FDFC-D8FA-493F-9FA8-BD29A0EBF7EF}.Release_X64|Mixed Platforms.Build.0 = Release|Any CPU
		{F9E0FDFC-D8FA-493F-9FA8-BD29A0EBF7EF}.Release_X64|x86.ActiveCfg = Release|Any CPU
		{F9E0FDFC-D8FA-493F-9FA8-BD29A0EBF7EF}.Release|.NET.ActiveCfg = Release|Any CPU
		{F9E0FDFC-D8FA-493F-9FA8-BD29A0EBF7EF}.Release|Any CPU.ActiveCfg = Release|Any CPU
		{F9E0FDFC-D8FA-493F-9FA8-BD29A0EBF7EF}.Release|Mixed Platforms.ActiveCfg = Release|Any CPU
		{F9E0FDFC-D8FA-493F-9FA8-BD29A0EBF7EF}.Release|x86.ActiveCfg = Release|x86
		{DEB51FBE-DDA2-4B64-8565-2740EFACE2EB}.Debug|.NET.ActiveCfg = Debug|Any CPU
		{DEB51FBE-DDA2-4B64-8565-2740EFACE2EB}.Debug|Any CPU.ActiveCfg = Debug|Any CPU
		{DEB51FBE-DDA2-4B64-8565-2740EFACE2EB}.Debug|Mixed Platforms.ActiveCfg = Debug|Any CPU
		{DEB51FBE-DDA2-4B64-8565-2740EFACE2EB}.Debug|x86.ActiveCfg = Debug|Any CPU
		{DEB51FBE-DDA2-4B64-8565-2740EFACE2EB}.Release_X64|.NET.ActiveCfg = Release|Any CPU
		{DEB51FBE-DDA2-4B64-8565-2740EFACE2EB}.Release_X64|Any CPU.ActiveCfg = Release|Any CPU
		{DEB51FBE-DDA2-4B64-8565-2740EFACE2EB}.Release_X64|Any CPU.Build.0 = Release|Any CPU
		{DEB51FBE-DDA2-4B64-8565-2740EFACE2EB}.Release_X64|Mixed Platforms.ActiveCfg = Release|Any CPU
		{DEB51FBE-DDA2-4B64-8565-2740EFACE2EB}.Release_X64|Mixed Platforms.Build.0 = Release|Any CPU
		{DEB51FBE-DDA2-4B64-8565-2740EFACE2EB}.Release_X64|x86.ActiveCfg = Release|Any CPU
		{DEB51FBE-DDA2-4B64-8565-2740EFACE2EB}.Release|.NET.ActiveCfg = Release|Any CPU
		{DEB51FBE-DDA2-4B64-8565-2740EFACE2EB}.Release|Any CPU.ActiveCfg = Release|Any CPU
		{DEB51FBE-DDA2-4B64-8565-2740EFACE2EB}.Release|Mixed Platforms.ActiveCfg = Release|Any CPU
		{DEB51FBE-DDA2-4B64-8565-2740EFACE2EB}.Release|x86.ActiveCfg = Release|x86
		{1BB1149D-AB19-462E-8D3D-F18A207B6EF8}.Debug|.NET.ActiveCfg = Debug|Any CPU
		{1BB1149D-AB19-462E-8D3D-F18A207B6EF8}.Debug|Any CPU.ActiveCfg = Debug|Any CPU
		{1BB1149D-AB19-462E-8D3D-F18A207B6EF8}.Debug|Any CPU.Build.0 = Debug|Any CPU
		{1BB1149D-AB19-462E-8D3D-F18A207B6EF8}.Debug|Mixed Platforms.ActiveCfg = Debug|Any CPU
		{1BB1149D-AB19-462E-8D3D-F18A207B6EF8}.Debug|Mixed Platforms.Build.0 = Debug|Any CPU
		{1BB1149D-AB19-462E-8D3D-F18A207B6EF8}.Debug|x86.ActiveCfg = Debug|x86
		{1BB1149D-AB19-462E-8D3D-F18A207B6EF8}.Debug|x86.Build.0 = Debug|x86
		{1BB1149D-AB19-462E-8D3D-F18A207B6EF8}.Release_X64|.NET.ActiveCfg = Release|Any CPU
		{1BB1149D-AB19-462E-8D3D-F18A207B6EF8}.Release_X64|Any CPU.ActiveCfg = Release|Any CPU
		{1BB1149D-AB19-462E-8D3D-F18A207B6EF8}.Release_X64|Any CPU.Build.0 = Release|Any CPU
		{1BB1149D-AB19-462E-8D3D-F18A207B6EF8}.Release_X64|Mixed Platforms.ActiveCfg = Release|Any CPU
		{1BB1149D-AB19-462E-8D3D-F18A207B6EF8}.Release_X64|Mixed Platforms.Build.0 = Release|Any CPU
		{1BB1149D-AB19-462E-8D3D-F18A207B6EF8}.Release_X64|x86.ActiveCfg = Release|Any CPU
		{1BB1149D-AB19-462E-8D3D-F18A207B6EF8}.Release|.NET.ActiveCfg = Release|Any CPU
		{1BB1149D-AB19-462E-8D3D-F18A207B6EF8}.Release|Any CPU.ActiveCfg = Release|Any CPU
		{1BB1149D-AB19-462E-8D3D-F18A207B6EF8}.Release|Any CPU.Build.0 = Release|Any CPU
		{1BB1149D-AB19-462E-8D3D-F18A207B6EF8}.Release|Mixed Platforms.ActiveCfg = Release|Any CPU
		{1BB1149D-AB19-462E-8D3D-F18A207B6EF8}.Release|Mixed Platforms.Build.0 = Release|Any CPU
		{1BB1149D-AB19-462E-8D3D-F18A207B6EF8}.Release|x86.ActiveCfg = Release|x86
		{C2117940-1429-4E1F-A506-3FF7238CB987}.Debug|.NET.ActiveCfg = Debug|Any CPU
		{C2117940-1429-4E1F-A506-3FF7238CB987}.Debug|Any CPU.ActiveCfg = Debug|Any CPU
		{C2117940-1429-4E1F-A506-3FF7238CB987}.Debug|Mixed Platforms.ActiveCfg = Debug|x86
		{C2117940-1429-4E1F-A506-3FF7238CB987}.Debug|x86.ActiveCfg = Debug|x86
		{C2117940-1429-4E1F-A506-3FF7238CB987}.Release_X64|.NET.ActiveCfg = Release|Any CPU
		{C2117940-1429-4E1F-A506-3FF7238CB987}.Release_X64|Any CPU.ActiveCfg = Release|Any CPU
		{C2117940-1429-4E1F-A506-3FF7238CB987}.Release_X64|Any CPU.Build.0 = Release|Any CPU
		{C2117940-1429-4E1F-A506-3FF7238CB987}.Release_X64|Mixed Platforms.ActiveCfg = Release|x86
		{C2117940-1429-4E1F-A506-3FF7238CB987}.Release_X64|x86.ActiveCfg = Release|x86
		{C2117940-1429-4E1F-A506-3FF7238CB987}.Release_X64|x86.Build.0 = Release|x86
		{C2117940-1429-4E1F-A506-3FF7238CB987}.Release|.NET.ActiveCfg = Release|Any CPU
		{C2117940-1429-4E1F-A506-3FF7238CB987}.Release|Any CPU.ActiveCfg = Release|Any CPU
		{C2117940-1429-4E1F-A506-3FF7238CB987}.Release|Any CPU.Build.0 = Release|Any CPU
		{C2117940-1429-4E1F-A506-3FF7238CB987}.Release|Mixed Platforms.ActiveCfg = Release|x86
		{C2117940-1429-4E1F-A506-3FF7238CB987}.Release|x86.ActiveCfg = Release|x86
		{9A76A81C-A8C5-47DE-AE33-531CAFDDA69B}.Debug|.NET.ActiveCfg = Debug|Any CPU
		{9A76A81C-A8C5-47DE-AE33-531CAFDDA69B}.Debug|Any CPU.ActiveCfg = Debug|Any CPU
		{9A76A81C-A8C5-47DE-AE33-531CAFDDA69B}.Debug|Mixed Platforms.ActiveCfg = Debug|x86
		{9A76A81C-A8C5-47DE-AE33-531CAFDDA69B}.Debug|x86.ActiveCfg = Debug|x86
		{9A76A81C-A8C5-47DE-AE33-531CAFDDA69B}.Release_X64|.NET.ActiveCfg = Release|Any CPU
		{9A76A81C-A8C5-47DE-AE33-531CAFDDA69B}.Release_X64|Any CPU.ActiveCfg = Release|Any CPU
		{9A76A81C-A8C5-47DE-AE33-531CAFDDA69B}.Release_X64|Any CPU.Build.0 = Release|Any CPU
		{9A76A81C-A8C5-47DE-AE33-531CAFDDA69B}.Release_X64|Mixed Platforms.ActiveCfg = Release|x86
		{9A76A81C-A8C5-47DE-AE33-531CAFDDA69B}.Release_X64|x86.ActiveCfg = Release|x86
		{9A76A81C-A8C5-47DE-AE33-531CAFDDA69B}.Release_X64|x86.Build.0 = Release|x86
		{9A76A81C-A8C5-47DE-AE33-531CAFDDA69B}.Release|.NET.ActiveCfg = Release|Any CPU
		{9A76A81C-A8C5-47DE-AE33-531CAFDDA69B}.Release|Any CPU.ActiveCfg = Release|Any CPU
		{9A76A81C-A8C5-47DE-AE33-531CAFDDA69B}.Release|Mixed Platforms.ActiveCfg = Release|x86
		{9A76A81C-A8C5-47DE-AE33-531CAFDDA69B}.Release|x86.ActiveCfg = Release|x86
		{44A15DAF-75C1-4F45-9F6E-E74FBB568AD0}.Debug|.NET.ActiveCfg = Debug|Any CPU
		{44A15DAF-75C1-4F45-9F6E-E74FBB568AD0}.Debug|Any CPU.ActiveCfg = Debug|Any CPU
		{44A15DAF-75C1-4F45-9F6E-E74FBB568AD0}.Debug|Any CPU.Build.0 = Debug|Any CPU
		{44A15DAF-75C1-4F45-9F6E-E74FBB568AD0}.Debug|Mixed Platforms.ActiveCfg = Debug|Any CPU
		{44A15DAF-75C1-4F45-9F6E-E74FBB568AD0}.Debug|Mixed Platforms.Build.0 = Debug|Any CPU
		{44A15DAF-75C1-4F45-9F6E-E74FBB568AD0}.Debug|x86.ActiveCfg = Debug|Any CPU
		{44A15DAF-75C1-4F45-9F6E-E74FBB568AD0}.Release_X64|.NET.ActiveCfg = Release|Any CPU
		{44A15DAF-75C1-4F45-9F6E-E74FBB568AD0}.Release_X64|Any CPU.ActiveCfg = Release|Any CPU
		{44A15DAF-75C1-4F45-9F6E-E74FBB568AD0}.Release_X64|Any CPU.Build.0 = Release|Any CPU
		{44A15DAF-75C1-4F45-9F6E-E74FBB568AD0}.Release_X64|Mixed Platforms.ActiveCfg = Release|Any CPU
		{44A15DAF-75C1-4F45-9F6E-E74FBB568AD0}.Release_X64|Mixed Platforms.Build.0 = Release|Any CPU
		{44A15DAF-75C1-4F45-9F6E-E74FBB568AD0}.Release_X64|x86.ActiveCfg = Release|Any CPU
		{44A15DAF-75C1-4F45-9F6E-E74FBB568AD0}.Release|.NET.ActiveCfg = Release|Any CPU
		{44A15DAF-75C1-4F45-9F6E-E74FBB568AD0}.Release|Any CPU.ActiveCfg = Release|Any CPU
		{44A15DAF-75C1-4F45-9F6E-E74FBB568AD0}.Release|Any CPU.Build.0 = Release|Any CPU
		{44A15DAF-75C1-4F45-9F6E-E74FBB568AD0}.Release|Mixed Platforms.ActiveCfg = Release|Any CPU
		{44A15DAF-75C1-4F45-9F6E-E74FBB568AD0}.Release|Mixed Platforms.Build.0 = Release|Any CPU
		{44A15DAF-75C1-4F45-9F6E-E74FBB568AD0}.Release|x86.ActiveCfg = Release|x86
		{E79D0B8A-A79D-4DAC-8E88-B067BFE36D9A}.Debug|.NET.ActiveCfg = Debug|Any CPU
		{E79D0B8A-A79D-4DAC-8E88-B067BFE36D9A}.Debug|Any CPU.ActiveCfg = Debug|Any CPU
		{E79D0B8A-A79D-4DAC-8E88-B067BFE36D9A}.Debug|Any CPU.Build.0 = Debug|Any CPU
		{E79D0B8A-A79D-4DAC-8E88-B067BFE36D9A}.Debug|Mixed Platforms.ActiveCfg = Debug|x86
		{E79D0B8A-A79D-4DAC-8E88-B067BFE36D9A}.Debug|Mixed Platforms.Build.0 = Debug|x86
		{E79D0B8A-A79D-4DAC-8E88-B067BFE36D9A}.Debug|x86.ActiveCfg = Debug|x86
		{E79D0B8A-A79D-4DAC-8E88-B067BFE36D9A}.Debug|x86.Build.0 = Debug|x86
		{E79D0B8A-A79D-4DAC-8E88-B067BFE36D9A}.Release_X64|.NET.ActiveCfg = Release|Any CPU
		{E79D0B8A-A79D-4DAC-8E88-B067BFE36D9A}.Release_X64|Any CPU.ActiveCfg = Release|Any CPU
		{E79D0B8A-A79D-4DAC-8E88-B067BFE36D9A}.Release_X64|Any CPU.Build.0 = Release|Any CPU
		{E79D0B8A-A79D-4DAC-8E88-B067BFE36D9A}.Release_X64|Mixed Platforms.ActiveCfg = Release|x86
		{E79D0B8A-A79D-4DAC-8E88-B067BFE36D9A}.Release_X64|Mixed Platforms.Build.0 = Release|x86
		{E79D0B8A-A79D-4DAC-8E88-B067BFE36D9A}.Release_X64|x86.ActiveCfg = Release|x86
		{E79D0B8A-A79D-4DAC-8E88-B067BFE36D9A}.Release_X64|x86.Build.0 = Release|x86
		{E79D0B8A-A79D-4DAC-8E88-B067BFE36D9A}.Release|.NET.ActiveCfg = Release|Any CPU
		{E79D0B8A-A79D-4DAC-8E88-B067BFE36D9A}.Release|Any CPU.ActiveCfg = Release|Any CPU
		{E79D0B8A-A79D-4DAC-8E88-B067BFE36D9A}.Release|Any CPU.Build.0 = Release|Any CPU
		{E79D0B8A-A79D-4DAC-8E88-B067BFE36D9A}.Release|Mixed Platforms.ActiveCfg = Release|x86
		{E79D0B8A-A79D-4DAC-8E88-B067BFE36D9A}.Release|Mixed Platforms.Build.0 = Release|x86
		{E79D0B8A-A79D-4DAC-8E88-B067BFE36D9A}.Release|x86.ActiveCfg = Release|x86
		{E79D0B8A-A79D-4DAC-8E88-B067BFE36D9A}.Release|x86.Build.0 = Release|x86
		{2EC03F78-3CFD-41C8-BBF4-0C9CD0577FB9}.Debug|.NET.ActiveCfg = Debug|Any CPU
		{2EC03F78-3CFD-41C8-BBF4-0C9CD0577FB9}.Debug|Any CPU.ActiveCfg = Debug|Any CPU
		{2EC03F78-3CFD-41C8-BBF4-0C9CD0577FB9}.Debug|Any CPU.Build.0 = Debug|Any CPU
		{2EC03F78-3CFD-41C8-BBF4-0C9CD0577FB9}.Debug|Mixed Platforms.ActiveCfg = Debug|x86
		{2EC03F78-3CFD-41C8-BBF4-0C9CD0577FB9}.Debug|Mixed Platforms.Build.0 = Debug|x86
		{2EC03F78-3CFD-41C8-BBF4-0C9CD0577FB9}.Debug|x86.ActiveCfg = Debug|x86
		{2EC03F78-3CFD-41C8-BBF4-0C9CD0577FB9}.Debug|x86.Build.0 = Debug|x86
		{2EC03F78-3CFD-41C8-BBF4-0C9CD0577FB9}.Release_X64|.NET.ActiveCfg = Release|Any CPU
		{2EC03F78-3CFD-41C8-BBF4-0C9CD0577FB9}.Release_X64|Any CPU.ActiveCfg = Release|Any CPU
		{2EC03F78-3CFD-41C8-BBF4-0C9CD0577FB9}.Release_X64|Any CPU.Build.0 = Release|Any CPU
		{2EC03F78-3CFD-41C8-BBF4-0C9CD0577FB9}.Release_X64|Mixed Platforms.ActiveCfg = Release|x86
		{2EC03F78-3CFD-41C8-BBF4-0C9CD0577FB9}.Release_X64|Mixed Platforms.Build.0 = Release|x86
		{2EC03F78-3CFD-41C8-BBF4-0C9CD0577FB9}.Release_X64|x86.ActiveCfg = Release|x86
		{2EC03F78-3CFD-41C8-BBF4-0C9CD0577FB9}.Release_X64|x86.Build.0 = Release|x86
		{2EC03F78-3CFD-41C8-BBF4-0C9CD0577FB9}.Release|.NET.ActiveCfg = Release|Any CPU
		{2EC03F78-3CFD-41C8-BBF4-0C9CD0577FB9}.Release|Any CPU.ActiveCfg = Release|Any CPU
		{2EC03F78-3CFD-41C8-BBF4-0C9CD0577FB9}.Release|Any CPU.Build.0 = Release|Any CPU
		{2EC03F78-3CFD-41C8-BBF4-0C9CD0577FB9}.Release|Mixed Platforms.ActiveCfg = Release|Any CPU
		{2EC03F78-3CFD-41C8-BBF4-0C9CD0577FB9}.Release|Mixed Platforms.Build.0 = Release|Any CPU
		{2EC03F78-3CFD-41C8-BBF4-0C9CD0577FB9}.Release|x86.ActiveCfg = Release|x86
		{2EC03F78-3CFD-41C8-BBF4-0C9CD0577FB9}.Release|x86.Build.0 = Release|x86
		{98DC77AC-C64F-49ED-BAB6-E57703055F64}.Debug|.NET.ActiveCfg = Debug|Any CPU
		{98DC77AC-C64F-49ED-BAB6-E57703055F64}.Debug|Any CPU.ActiveCfg = Debug|Any CPU
		{98DC77AC-C64F-49ED-BAB6-E57703055F64}.Debug|Mixed Platforms.ActiveCfg = Debug|x86
		{98DC77AC-C64F-49ED-BAB6-E57703055F64}.Debug|x86.ActiveCfg = Debug|x86
		{98DC77AC-C64F-49ED-BAB6-E57703055F64}.Release_X64|.NET.ActiveCfg = Release|Any CPU
		{98DC77AC-C64F-49ED-BAB6-E57703055F64}.Release_X64|Any CPU.ActiveCfg = Release|Any CPU
		{98DC77AC-C64F-49ED-BAB6-E57703055F64}.Release_X64|Mixed Platforms.ActiveCfg = Release|x86
		{98DC77AC-C64F-49ED-BAB6-E57703055F64}.Release_X64|x86.ActiveCfg = Release|x86
		{98DC77AC-C64F-49ED-BAB6-E57703055F64}.Release_X64|x86.Build.0 = Release|x86
		{98DC77AC-C64F-49ED-BAB6-E57703055F64}.Release|.NET.ActiveCfg = Release|Any CPU
		{98DC77AC-C64F-49ED-BAB6-E57703055F64}.Release|Any CPU.ActiveCfg = Release|Any CPU
		{98DC77AC-C64F-49ED-BAB6-E57703055F64}.Release|Mixed Platforms.ActiveCfg = Release|x86
		{98DC77AC-C64F-49ED-BAB6-E57703055F64}.Release|x86.ActiveCfg = Release|x86
		{9232D53A-DED6-4100-B1D8-5CC534346D83}.Debug|.NET.ActiveCfg = Debug|Any CPU
		{9232D53A-DED6-4100-B1D8-5CC534346D83}.Debug|Any CPU.ActiveCfg = Debug|Any CPU
		{9232D53A-DED6-4100-B1D8-5CC534346D83}.Debug|Mixed Platforms.ActiveCfg = Debug|x86
		{9232D53A-DED6-4100-B1D8-5CC534346D83}.Debug|x86.ActiveCfg = Debug|x86
		{9232D53A-DED6-4100-B1D8-5CC534346D83}.Release_X64|.NET.ActiveCfg = Release|Any CPU
		{9232D53A-DED6-4100-B1D8-5CC534346D83}.Release_X64|Any CPU.ActiveCfg = Release|Any CPU
		{9232D53A-DED6-4100-B1D8-5CC534346D83}.Release_X64|Mixed Platforms.ActiveCfg = Release|x86
		{9232D53A-DED6-4100-B1D8-5CC534346D83}.Release_X64|x86.ActiveCfg = Release|x86
		{9232D53A-DED6-4100-B1D8-5CC534346D83}.Release_X64|x86.Build.0 = Release|x86
		{9232D53A-DED6-4100-B1D8-5CC534346D83}.Release|.NET.ActiveCfg = Release|Any CPU
		{9232D53A-DED6-4100-B1D8-5CC534346D83}.Release|Any CPU.ActiveCfg = Release|Any CPU
		{9232D53A-DED6-4100-B1D8-5CC534346D83}.Release|Mixed Platforms.ActiveCfg = Release|x86
		{9232D53A-DED6-4100-B1D8-5CC534346D83}.Release|x86.ActiveCfg = Release|x86
		{263FD811-AA2C-46FE-BD2B-0057F6A8C6D6}.Debug|.NET.ActiveCfg = Debug|Any CPU
		{263FD811-AA2C-46FE-BD2B-0057F6A8C6D6}.Debug|Any CPU.ActiveCfg = Debug|Any CPU
		{263FD811-AA2C-46FE-BD2B-0057F6A8C6D6}.Debug|Mixed Platforms.ActiveCfg = Debug|x86
		{263FD811-AA2C-46FE-BD2B-0057F6A8C6D6}.Debug|x86.ActiveCfg = Debug|x86
		{263FD811-AA2C-46FE-BD2B-0057F6A8C6D6}.Release_X64|.NET.ActiveCfg = Release|Any CPU
		{263FD811-AA2C-46FE-BD2B-0057F6A8C6D6}.Release_X64|Any CPU.ActiveCfg = Release|Any CPU
		{263FD811-AA2C-46FE-BD2B-0057F6A8C6D6}.Release_X64|Mixed Platforms.ActiveCfg = Release|x86
		{263FD811-AA2C-46FE-BD2B-0057F6A8C6D6}.Release_X64|x86.ActiveCfg = Release|x86
		{263FD811-AA2C-46FE-BD2B-0057F6A8C6D6}.Release_X64|x86.Build.0 = Release|x86
		{263FD811-AA2C-46FE-BD2B-0057F6A8C6D6}.Release|.NET.ActiveCfg = Release|Any CPU
		{263FD811-AA2C-46FE-BD2B-0057F6A8C6D6}.Release|Any CPU.ActiveCfg = Release|Any CPU
		{263FD811-AA2C-46FE-BD2B-0057F6A8C6D6}.Release|Mixed Platforms.ActiveCfg = Release|x86
		{263FD811-AA2C-46FE-BD2B-0057F6A8C6D6}.Release|x86.ActiveCfg = Release|x86
		{87A8BFB7-75FA-4807-AC6A-933105FF10A8}.Debug|.NET.ActiveCfg = Debug|Any CPU
		{87A8BFB7-75FA-4807-AC6A-933105FF10A8}.Debug|Any CPU.ActiveCfg = Debug|Any CPU
		{87A8BFB7-75FA-4807-AC6A-933105FF10A8}.Debug|Mixed Platforms.ActiveCfg = Debug|Any CPU
		{87A8BFB7-75FA-4807-AC6A-933105FF10A8}.Debug|x86.ActiveCfg = Debug|Any CPU
		{87A8BFB7-75FA-4807-AC6A-933105FF10A8}.Release_X64|.NET.ActiveCfg = Release|Any CPU
		{87A8BFB7-75FA-4807-AC6A-933105FF10A8}.Release_X64|Any CPU.ActiveCfg = Release|Any CPU
		{87A8BFB7-75FA-4807-AC6A-933105FF10A8}.Release_X64|Any CPU.Build.0 = Release|Any CPU
		{87A8BFB7-75FA-4807-AC6A-933105FF10A8}.Release_X64|Mixed Platforms.ActiveCfg = Release|Any CPU
		{87A8BFB7-75FA-4807-AC6A-933105FF10A8}.Release_X64|Mixed Platforms.Build.0 = Release|Any CPU
		{87A8BFB7-75FA-4807-AC6A-933105FF10A8}.Release_X64|x86.ActiveCfg = Release|Any CPU
		{87A8BFB7-75FA-4807-AC6A-933105FF10A8}.Release|.NET.ActiveCfg = Release|Any CPU
		{87A8BFB7-75FA-4807-AC6A-933105FF10A8}.Release|Any CPU.ActiveCfg = Release|Any CPU
		{87A8BFB7-75FA-4807-AC6A-933105FF10A8}.Release|Mixed Platforms.ActiveCfg = Release|Any CPU
		{87A8BFB7-75FA-4807-AC6A-933105FF10A8}.Release|x86.ActiveCfg = Release|x86
		{BF819A3B-9494-4397-8C9A-E2F02B00F06E}.Debug|.NET.ActiveCfg = Debug|Any CPU
		{BF819A3B-9494-4397-8C9A-E2F02B00F06E}.Debug|Any CPU.ActiveCfg = Debug|Any CPU
		{BF819A3B-9494-4397-8C9A-E2F02B00F06E}.Debug|Mixed Platforms.ActiveCfg = Debug|Any CPU
		{BF819A3B-9494-4397-8C9A-E2F02B00F06E}.Debug|x86.ActiveCfg = Debug|Any CPU
		{BF819A3B-9494-4397-8C9A-E2F02B00F06E}.Release_X64|.NET.ActiveCfg = Release|Any CPU
		{BF819A3B-9494-4397-8C9A-E2F02B00F06E}.Release_X64|Any CPU.ActiveCfg = Release|Any CPU
		{BF819A3B-9494-4397-8C9A-E2F02B00F06E}.Release_X64|Any CPU.Build.0 = Release|Any CPU
		{BF819A3B-9494-4397-8C9A-E2F02B00F06E}.Release_X64|Mixed Platforms.ActiveCfg = Release|Any CPU
		{BF819A3B-9494-4397-8C9A-E2F02B00F06E}.Release_X64|Mixed Platforms.Build.0 = Release|Any CPU
		{BF819A3B-9494-4397-8C9A-E2F02B00F06E}.Release_X64|x86.ActiveCfg = Release|Any CPU
		{BF819A3B-9494-4397-8C9A-E2F02B00F06E}.Release|.NET.ActiveCfg = Release|Any CPU
		{BF819A3B-9494-4397-8C9A-E2F02B00F06E}.Release|Any CPU.ActiveCfg = Release|Any CPU
		{BF819A3B-9494-4397-8C9A-E2F02B00F06E}.Release|Any CPU.Build.0 = Release|Any CPU
		{BF819A3B-9494-4397-8C9A-E2F02B00F06E}.Release|Mixed Platforms.ActiveCfg = Release|Any CPU
		{BF819A3B-9494-4397-8C9A-E2F02B00F06E}.Release|Mixed Platforms.Build.0 = Release|Any CPU
		{BF819A3B-9494-4397-8C9A-E2F02B00F06E}.Release|x86.ActiveCfg = Release|x86
		{0881C71F-0D9A-4D91-94E8-2D03F4C52F03}.Debug|.NET.ActiveCfg = Debug|Any CPU
		{0881C71F-0D9A-4D91-94E8-2D03F4C52F03}.Debug|Any CPU.ActiveCfg = Debug|Any CPU
		{0881C71F-0D9A-4D91-94E8-2D03F4C52F03}.Debug|Any CPU.Build.0 = Debug|Any CPU
		{0881C71F-0D9A-4D91-94E8-2D03F4C52F03}.Debug|Mixed Platforms.ActiveCfg = Debug|Any CPU
		{0881C71F-0D9A-4D91-94E8-2D03F4C52F03}.Debug|x86.ActiveCfg = Debug|Any CPU
		{0881C71F-0D9A-4D91-94E8-2D03F4C52F03}.Release_X64|.NET.ActiveCfg = Release|Any CPU
		{0881C71F-0D9A-4D91-94E8-2D03F4C52F03}.Release_X64|Any CPU.ActiveCfg = Release|Any CPU
		{0881C71F-0D9A-4D91-94E8-2D03F4C52F03}.Release_X64|Any CPU.Build.0 = Release|Any CPU
		{0881C71F-0D9A-4D91-94E8-2D03F4C52F03}.Release_X64|Mixed Platforms.ActiveCfg = Release|Any CPU
		{0881C71F-0D9A-4D91-94E8-2D03F4C52F03}.Release_X64|Mixed Platforms.Build.0 = Release|Any CPU
		{0881C71F-0D9A-4D91-94E8-2D03F4C52F03}.Release_X64|x86.ActiveCfg = Release|Any CPU
		{0881C71F-0D9A-4D91-94E8-2D03F4C52F03}.Release|.NET.ActiveCfg = Release|Any CPU
		{0881C71F-0D9A-4D91-94E8-2D03F4C52F03}.Release|Any CPU.ActiveCfg = Release|Any CPU
		{0881C71F-0D9A-4D91-94E8-2D03F4C52F03}.Release|Any CPU.Build.0 = Release|Any CPU
		{0881C71F-0D9A-4D91-94E8-2D03F4C52F03}.Release|Mixed Platforms.ActiveCfg = Release|Any CPU
		{0881C71F-0D9A-4D91-94E8-2D03F4C52F03}.Release|Mixed Platforms.Build.0 = Release|Any CPU
		{0881C71F-0D9A-4D91-94E8-2D03F4C52F03}.Release|x86.ActiveCfg = Release|x86
		{AF8BB30B-735A-4A5D-94D3-77A5F2A93B63}.Debug|.NET.ActiveCfg = Debug|Any CPU
		{AF8BB30B-735A-4A5D-94D3-77A5F2A93B63}.Debug|Any CPU.ActiveCfg = Debug|Any CPU
		{AF8BB30B-735A-4A5D-94D3-77A5F2A93B63}.Debug|Mixed Platforms.ActiveCfg = Debug|Any CPU
		{AF8BB30B-735A-4A5D-94D3-77A5F2A93B63}.Debug|Mixed Platforms.Build.0 = Debug|Any CPU
		{AF8BB30B-735A-4A5D-94D3-77A5F2A93B63}.Debug|x86.ActiveCfg = Debug|Any CPU
		{AF8BB30B-735A-4A5D-94D3-77A5F2A93B63}.Release_X64|.NET.ActiveCfg = Release|Any CPU
		{AF8BB30B-735A-4A5D-94D3-77A5F2A93B63}.Release_X64|Any CPU.ActiveCfg = Release|Any CPU
		{AF8BB30B-735A-4A5D-94D3-77A5F2A93B63}.Release_X64|Any CPU.Build.0 = Release|Any CPU
		{AF8BB30B-735A-4A5D-94D3-77A5F2A93B63}.Release_X64|Mixed Platforms.ActiveCfg = Release|Any CPU
		{AF8BB30B-735A-4A5D-94D3-77A5F2A93B63}.Release_X64|Mixed Platforms.Build.0 = Release|Any CPU
		{AF8BB30B-735A-4A5D-94D3-77A5F2A93B63}.Release_X64|x86.ActiveCfg = Release|Any CPU
		{AF8BB30B-735A-4A5D-94D3-77A5F2A93B63}.Release|.NET.ActiveCfg = Release|Any CPU
		{AF8BB30B-735A-4A5D-94D3-77A5F2A93B63}.Release|Any CPU.ActiveCfg = Release|Any CPU
		{AF8BB30B-735A-4A5D-94D3-77A5F2A93B63}.Release|Any CPU.Build.0 = Release|Any CPU
		{AF8BB30B-735A-4A5D-94D3-77A5F2A93B63}.Release|Mixed Platforms.ActiveCfg = Release|Any CPU
		{AF8BB30B-735A-4A5D-94D3-77A5F2A93B63}.Release|Mixed Platforms.Build.0 = Release|Any CPU
		{AF8BB30B-735A-4A5D-94D3-77A5F2A93B63}.Release|x86.ActiveCfg = Release|x86
		{9E5F9687-DD78-4887-8BC3-0E3D469B5C05}.Debug|.NET.ActiveCfg = Debug|Any CPU
		{9E5F9687-DD78-4887-8BC3-0E3D469B5C05}.Debug|Any CPU.ActiveCfg = Debug|Any CPU
		{9E5F9687-DD78-4887-8BC3-0E3D469B5C05}.Debug|Mixed Platforms.ActiveCfg = Debug|Any CPU
		{9E5F9687-DD78-4887-8BC3-0E3D469B5C05}.Debug|x86.ActiveCfg = Debug|Any CPU
		{9E5F9687-DD78-4887-8BC3-0E3D469B5C05}.Release_X64|.NET.ActiveCfg = Release|Any CPU
		{9E5F9687-DD78-4887-8BC3-0E3D469B5C05}.Release_X64|Any CPU.ActiveCfg = Release|Any CPU
		{9E5F9687-DD78-4887-8BC3-0E3D469B5C05}.Release_X64|Any CPU.Build.0 = Release|Any CPU
		{9E5F9687-DD78-4887-8BC3-0E3D469B5C05}.Release_X64|Mixed Platforms.ActiveCfg = Release|Any CPU
		{9E5F9687-DD78-4887-8BC3-0E3D469B5C05}.Release_X64|Mixed Platforms.Build.0 = Release|Any CPU
		{9E5F9687-DD78-4887-8BC3-0E3D469B5C05}.Release_X64|x86.ActiveCfg = Release|Any CPU
		{9E5F9687-DD78-4887-8BC3-0E3D469B5C05}.Release|.NET.ActiveCfg = Release|Any CPU
		{9E5F9687-DD78-4887-8BC3-0E3D469B5C05}.Release|Any CPU.ActiveCfg = Release|Any CPU
		{9E5F9687-DD78-4887-8BC3-0E3D469B5C05}.Release|Any CPU.Build.0 = Release|Any CPU
		{9E5F9687-DD78-4887-8BC3-0E3D469B5C05}.Release|Mixed Platforms.ActiveCfg = Release|Any CPU
		{9E5F9687-DD78-4887-8BC3-0E3D469B5C05}.Release|Mixed Platforms.Build.0 = Release|Any CPU
		{9E5F9687-DD78-4887-8BC3-0E3D469B5C05}.Release|x86.ActiveCfg = Release|x86
		{5F5548DF-0BE3-4C12-B933-202A94686EAD}.Debug|.NET.ActiveCfg = Debug|Any CPU
		{5F5548DF-0BE3-4C12-B933-202A94686EAD}.Debug|Any CPU.ActiveCfg = Debug|Any CPU
		{5F5548DF-0BE3-4C12-B933-202A94686EAD}.Debug|Any CPU.Build.0 = Debug|Any CPU
		{5F5548DF-0BE3-4C12-B933-202A94686EAD}.Debug|Mixed Platforms.ActiveCfg = Debug|Any CPU
		{5F5548DF-0BE3-4C12-B933-202A94686EAD}.Debug|x86.ActiveCfg = Debug|Any CPU
		{5F5548DF-0BE3-4C12-B933-202A94686EAD}.Release_X64|.NET.ActiveCfg = Release|Any CPU
		{5F5548DF-0BE3-4C12-B933-202A94686EAD}.Release_X64|Any CPU.ActiveCfg = Release|Any CPU
		{5F5548DF-0BE3-4C12-B933-202A94686EAD}.Release_X64|Any CPU.Build.0 = Release|Any CPU
		{5F5548DF-0BE3-4C12-B933-202A94686EAD}.Release_X64|Mixed Platforms.ActiveCfg = Release|Any CPU
		{5F5548DF-0BE3-4C12-B933-202A94686EAD}.Release_X64|Mixed Platforms.Build.0 = Release|Any CPU
		{5F5548DF-0BE3-4C12-B933-202A94686EAD}.Release_X64|x86.ActiveCfg = Release|Any CPU
		{5F5548DF-0BE3-4C12-B933-202A94686EAD}.Release|.NET.ActiveCfg = Release|Any CPU
		{5F5548DF-0BE3-4C12-B933-202A94686EAD}.Release|Any CPU.ActiveCfg = Release|Any CPU
		{5F5548DF-0BE3-4C12-B933-202A94686EAD}.Release|Any CPU.Build.0 = Release|Any CPU
		{5F5548DF-0BE3-4C12-B933-202A94686EAD}.Release|Mixed Platforms.ActiveCfg = Release|Any CPU
		{5F5548DF-0BE3-4C12-B933-202A94686EAD}.Release|Mixed Platforms.Build.0 = Release|Any CPU
		{5F5548DF-0BE3-4C12-B933-202A94686EAD}.Release|x86.ActiveCfg = Release|Any CPU
		{071E6099-DC73-4D26-9DDF-DFFA0482E1D9}.Debug|.NET.ActiveCfg = Debug|Any CPU
		{071E6099-DC73-4D26-9DDF-DFFA0482E1D9}.Debug|Any CPU.ActiveCfg = Debug|Any CPU
		{071E6099-DC73-4D26-9DDF-DFFA0482E1D9}.Debug|Any CPU.Build.0 = Debug|Any CPU
		{071E6099-DC73-4D26-9DDF-DFFA0482E1D9}.Debug|Mixed Platforms.ActiveCfg = Debug|Any CPU
		{071E6099-DC73-4D26-9DDF-DFFA0482E1D9}.Debug|Mixed Platforms.Build.0 = Debug|Any CPU
		{071E6099-DC73-4D26-9DDF-DFFA0482E1D9}.Debug|x86.ActiveCfg = Debug|Any CPU
		{071E6099-DC73-4D26-9DDF-DFFA0482E1D9}.Release_X64|.NET.ActiveCfg = Release|Any CPU
		{071E6099-DC73-4D26-9DDF-DFFA0482E1D9}.Release_X64|Any CPU.ActiveCfg = Release|Any CPU
		{071E6099-DC73-4D26-9DDF-DFFA0482E1D9}.Release_X64|Any CPU.Build.0 = Release|Any CPU
		{071E6099-DC73-4D26-9DDF-DFFA0482E1D9}.Release_X64|Mixed Platforms.ActiveCfg = Release|Any CPU
		{071E6099-DC73-4D26-9DDF-DFFA0482E1D9}.Release_X64|Mixed Platforms.Build.0 = Release|Any CPU
		{071E6099-DC73-4D26-9DDF-DFFA0482E1D9}.Release_X64|x86.ActiveCfg = Release|Any CPU
		{071E6099-DC73-4D26-9DDF-DFFA0482E1D9}.Release|.NET.ActiveCfg = Release|Any CPU
		{071E6099-DC73-4D26-9DDF-DFFA0482E1D9}.Release|Any CPU.ActiveCfg = Release|Any CPU
		{071E6099-DC73-4D26-9DDF-DFFA0482E1D9}.Release|Any CPU.Build.0 = Release|Any CPU
		{071E6099-DC73-4D26-9DDF-DFFA0482E1D9}.Release|Mixed Platforms.ActiveCfg = Release|Any CPU
		{071E6099-DC73-4D26-9DDF-DFFA0482E1D9}.Release|Mixed Platforms.Build.0 = Release|Any CPU
		{071E6099-DC73-4D26-9DDF-DFFA0482E1D9}.Release|x86.ActiveCfg = Release|Any CPU
		{A83E28CF-1837-4E84-8C01-798DD50CF68E}.Debug|.NET.ActiveCfg = Debug|Any CPU
		{A83E28CF-1837-4E84-8C01-798DD50CF68E}.Debug|Any CPU.ActiveCfg = Debug|Any CPU
		{A83E28CF-1837-4E84-8C01-798DD50CF68E}.Debug|Any CPU.Build.0 = Debug|Any CPU
		{A83E28CF-1837-4E84-8C01-798DD50CF68E}.Debug|Mixed Platforms.ActiveCfg = Debug|Any CPU
		{A83E28CF-1837-4E84-8C01-798DD50CF68E}.Debug|Mixed Platforms.Build.0 = Debug|Any CPU
		{A83E28CF-1837-4E84-8C01-798DD50CF68E}.Debug|x86.ActiveCfg = Debug|Any CPU
		{A83E28CF-1837-4E84-8C01-798DD50CF68E}.Release_X64|.NET.ActiveCfg = Release|Any CPU
		{A83E28CF-1837-4E84-8C01-798DD50CF68E}.Release_X64|Any CPU.ActiveCfg = Release|Any CPU
		{A83E28CF-1837-4E84-8C01-798DD50CF68E}.Release_X64|Any CPU.Build.0 = Release|Any CPU
		{A83E28CF-1837-4E84-8C01-798DD50CF68E}.Release_X64|Mixed Platforms.ActiveCfg = Release|Any CPU
		{A83E28CF-1837-4E84-8C01-798DD50CF68E}.Release_X64|Mixed Platforms.Build.0 = Release|Any CPU
		{A83E28CF-1837-4E84-8C01-798DD50CF68E}.Release_X64|x86.ActiveCfg = Release|Any CPU
		{A83E28CF-1837-4E84-8C01-798DD50CF68E}.Release|.NET.ActiveCfg = Release|Any CPU
		{A83E28CF-1837-4E84-8C01-798DD50CF68E}.Release|Any CPU.ActiveCfg = Release|Any CPU
		{A83E28CF-1837-4E84-8C01-798DD50CF68E}.Release|Any CPU.Build.0 = Release|Any CPU
		{A83E28CF-1837-4E84-8C01-798DD50CF68E}.Release|Mixed Platforms.ActiveCfg = Release|Any CPU
		{A83E28CF-1837-4E84-8C01-798DD50CF68E}.Release|Mixed Platforms.Build.0 = Release|Any CPU
		{A83E28CF-1837-4E84-8C01-798DD50CF68E}.Release|x86.ActiveCfg = Release|Any CPU
		{99988946-F41E-42E8-8A5D-7DC72D0D346A}.Debug|.NET.ActiveCfg = Debug|Any CPU
		{99988946-F41E-42E8-8A5D-7DC72D0D346A}.Debug|Any CPU.ActiveCfg = Debug|Any CPU
		{99988946-F41E-42E8-8A5D-7DC72D0D346A}.Debug|Any CPU.Build.0 = Debug|Any CPU
		{99988946-F41E-42E8-8A5D-7DC72D0D346A}.Debug|Mixed Platforms.ActiveCfg = Debug|Any CPU
		{99988946-F41E-42E8-8A5D-7DC72D0D346A}.Debug|Mixed Platforms.Build.0 = Debug|Any CPU
		{99988946-F41E-42E8-8A5D-7DC72D0D346A}.Debug|x86.ActiveCfg = Debug|Any CPU
		{99988946-F41E-42E8-8A5D-7DC72D0D346A}.Release_X64|.NET.ActiveCfg = Release|Any CPU
		{99988946-F41E-42E8-8A5D-7DC72D0D346A}.Release_X64|Any CPU.ActiveCfg = Release|Any CPU
		{99988946-F41E-42E8-8A5D-7DC72D0D346A}.Release_X64|Any CPU.Build.0 = Release|Any CPU
		{99988946-F41E-42E8-8A5D-7DC72D0D346A}.Release_X64|Mixed Platforms.ActiveCfg = Release|Any CPU
		{99988946-F41E-42E8-8A5D-7DC72D0D346A}.Release_X64|Mixed Platforms.Build.0 = Release|Any CPU
		{99988946-F41E-42E8-8A5D-7DC72D0D346A}.Release_X64|x86.ActiveCfg = Release|Any CPU
		{99988946-F41E-42E8-8A5D-7DC72D0D346A}.Release|.NET.ActiveCfg = Release|Any CPU
		{99988946-F41E-42E8-8A5D-7DC72D0D346A}.Release|Any CPU.ActiveCfg = Release|Any CPU
		{99988946-F41E-42E8-8A5D-7DC72D0D346A}.Release|Any CPU.Build.0 = Release|Any CPU
		{99988946-F41E-42E8-8A5D-7DC72D0D346A}.Release|Mixed Platforms.ActiveCfg = Release|Any CPU
		{99988946-F41E-42E8-8A5D-7DC72D0D346A}.Release|Mixed Platforms.Build.0 = Release|Any CPU
		{99988946-F41E-42E8-8A5D-7DC72D0D346A}.Release|x86.ActiveCfg = Release|Any CPU
		{637C2EBE-9B5C-4C4A-B573-C7329E7DCBAF}.Debug|.NET.ActiveCfg = Debug|Any CPU
		{637C2EBE-9B5C-4C4A-B573-C7329E7DCBAF}.Debug|Any CPU.ActiveCfg = Debug|Any CPU
		{637C2EBE-9B5C-4C4A-B573-C7329E7DCBAF}.Debug|Any CPU.Build.0 = Debug|Any CPU
		{637C2EBE-9B5C-4C4A-B573-C7329E7DCBAF}.Debug|Mixed Platforms.ActiveCfg = Debug|Any CPU
		{637C2EBE-9B5C-4C4A-B573-C7329E7DCBAF}.Debug|Mixed Platforms.Build.0 = Debug|Any CPU
		{637C2EBE-9B5C-4C4A-B573-C7329E7DCBAF}.Debug|x86.ActiveCfg = Debug|Any CPU
		{637C2EBE-9B5C-4C4A-B573-C7329E7DCBAF}.Release_X64|.NET.ActiveCfg = Release|Any CPU
		{637C2EBE-9B5C-4C4A-B573-C7329E7DCBAF}.Release_X64|Any CPU.ActiveCfg = Release|Any CPU
		{637C2EBE-9B5C-4C4A-B573-C7329E7DCBAF}.Release_X64|Any CPU.Build.0 = Release|Any CPU
		{637C2EBE-9B5C-4C4A-B573-C7329E7DCBAF}.Release_X64|Mixed Platforms.ActiveCfg = Release|Any CPU
		{637C2EBE-9B5C-4C4A-B573-C7329E7DCBAF}.Release_X64|Mixed Platforms.Build.0 = Release|Any CPU
		{637C2EBE-9B5C-4C4A-B573-C7329E7DCBAF}.Release_X64|x86.ActiveCfg = Release|Any CPU
		{637C2EBE-9B5C-4C4A-B573-C7329E7DCBAF}.Release|.NET.ActiveCfg = Release|Any CPU
		{637C2EBE-9B5C-4C4A-B573-C7329E7DCBAF}.Release|Any CPU.ActiveCfg = Release|Any CPU
		{637C2EBE-9B5C-4C4A-B573-C7329E7DCBAF}.Release|Any CPU.Build.0 = Release|Any CPU
		{637C2EBE-9B5C-4C4A-B573-C7329E7DCBAF}.Release|Mixed Platforms.ActiveCfg = Release|Any CPU
		{637C2EBE-9B5C-4C4A-B573-C7329E7DCBAF}.Release|Mixed Platforms.Build.0 = Release|Any CPU
		{637C2EBE-9B5C-4C4A-B573-C7329E7DCBAF}.Release|x86.ActiveCfg = Release|Any CPU
		{41E2E509-32DF-4B1E-8E16-9D7C5A86921A}.Debug|.NET.ActiveCfg = Debug|Any CPU
		{41E2E509-32DF-4B1E-8E16-9D7C5A86921A}.Debug|Any CPU.ActiveCfg = Debug|Any CPU
		{41E2E509-32DF-4B1E-8E16-9D7C5A86921A}.Debug|Any CPU.Build.0 = Debug|Any CPU
		{41E2E509-32DF-4B1E-8E16-9D7C5A86921A}.Debug|Mixed Platforms.ActiveCfg = Debug|Any CPU
		{41E2E509-32DF-4B1E-8E16-9D7C5A86921A}.Debug|x86.ActiveCfg = Debug|Any CPU
		{41E2E509-32DF-4B1E-8E16-9D7C5A86921A}.Release_X64|.NET.ActiveCfg = Release|Any CPU
		{41E2E509-32DF-4B1E-8E16-9D7C5A86921A}.Release_X64|Any CPU.ActiveCfg = Release|Any CPU
		{41E2E509-32DF-4B1E-8E16-9D7C5A86921A}.Release_X64|Any CPU.Build.0 = Release|Any CPU
		{41E2E509-32DF-4B1E-8E16-9D7C5A86921A}.Release_X64|Mixed Platforms.ActiveCfg = Release|Any CPU
		{41E2E509-32DF-4B1E-8E16-9D7C5A86921A}.Release_X64|Mixed Platforms.Build.0 = Release|Any CPU
		{41E2E509-32DF-4B1E-8E16-9D7C5A86921A}.Release_X64|x86.ActiveCfg = Release|Any CPU
		{41E2E509-32DF-4B1E-8E16-9D7C5A86921A}.Release|.NET.ActiveCfg = Release|Any CPU
		{41E2E509-32DF-4B1E-8E16-9D7C5A86921A}.Release|Any CPU.ActiveCfg = Release|Any CPU
		{41E2E509-32DF-4B1E-8E16-9D7C5A86921A}.Release|Any CPU.Build.0 = Release|Any CPU
		{41E2E509-32DF-4B1E-8E16-9D7C5A86921A}.Release|Mixed Platforms.ActiveCfg = Release|Any CPU
		{41E2E509-32DF-4B1E-8E16-9D7C5A86921A}.Release|Mixed Platforms.Build.0 = Release|Any CPU
		{41E2E509-32DF-4B1E-8E16-9D7C5A86921A}.Release|x86.ActiveCfg = Release|Any CPU
		{86F1D051-F17D-473E-BAB1-93786E165F6A}.Debug|.NET.ActiveCfg = Debug|Any CPU
		{86F1D051-F17D-473E-BAB1-93786E165F6A}.Debug|Any CPU.ActiveCfg = Debug|Any CPU
		{86F1D051-F17D-473E-BAB1-93786E165F6A}.Debug|Any CPU.Build.0 = Debug|Any CPU
		{86F1D051-F17D-473E-BAB1-93786E165F6A}.Debug|Mixed Platforms.ActiveCfg = Debug|Any CPU
		{86F1D051-F17D-473E-BAB1-93786E165F6A}.Debug|Mixed Platforms.Build.0 = Debug|Any CPU
		{86F1D051-F17D-473E-BAB1-93786E165F6A}.Debug|x86.ActiveCfg = Debug|Any CPU
		{86F1D051-F17D-473E-BAB1-93786E165F6A}.Release_X64|.NET.ActiveCfg = Release|Any CPU
		{86F1D051-F17D-473E-BAB1-93786E165F6A}.Release_X64|Any CPU.ActiveCfg = Release|Any CPU
		{86F1D051-F17D-473E-BAB1-93786E165F6A}.Release_X64|Any CPU.Build.0 = Release|Any CPU
		{86F1D051-F17D-473E-BAB1-93786E165F6A}.Release_X64|Mixed Platforms.ActiveCfg = Release|Any CPU
		{86F1D051-F17D-473E-BAB1-93786E165F6A}.Release_X64|Mixed Platforms.Build.0 = Release|Any CPU
		{86F1D051-F17D-473E-BAB1-93786E165F6A}.Release_X64|x86.ActiveCfg = Release|Any CPU
		{86F1D051-F17D-473E-BAB1-93786E165F6A}.Release|.NET.ActiveCfg = Release|Any CPU
		{86F1D051-F17D-473E-BAB1-93786E165F6A}.Release|Any CPU.ActiveCfg = Release|Any CPU
		{86F1D051-F17D-473E-BAB1-93786E165F6A}.Release|Any CPU.Build.0 = Release|Any CPU
		{86F1D051-F17D-473E-BAB1-93786E165F6A}.Release|Mixed Platforms.ActiveCfg = Release|Any CPU
		{86F1D051-F17D-473E-BAB1-93786E165F6A}.Release|Mixed Platforms.Build.0 = Release|Any CPU
		{86F1D051-F17D-473E-BAB1-93786E165F6A}.Release|x86.ActiveCfg = Release|Any CPU
		{F42F0E0B-3F0D-4230-AFDF-FD9F8089F593}.Debug|.NET.ActiveCfg = Debug|Any CPU
		{F42F0E0B-3F0D-4230-AFDF-FD9F8089F593}.Debug|Any CPU.ActiveCfg = Debug|Any CPU
		{F42F0E0B-3F0D-4230-AFDF-FD9F8089F593}.Debug|Any CPU.Build.0 = Debug|Any CPU
		{F42F0E0B-3F0D-4230-AFDF-FD9F8089F593}.Debug|Mixed Platforms.ActiveCfg = Debug|Any CPU
		{F42F0E0B-3F0D-4230-AFDF-FD9F8089F593}.Debug|Mixed Platforms.Build.0 = Debug|Any CPU
		{F42F0E0B-3F0D-4230-AFDF-FD9F8089F593}.Debug|x86.ActiveCfg = Debug|Any CPU
		{F42F0E0B-3F0D-4230-AFDF-FD9F8089F593}.Release_X64|.NET.ActiveCfg = Release|Any CPU
		{F42F0E0B-3F0D-4230-AFDF-FD9F8089F593}.Release_X64|Any CPU.ActiveCfg = Release|Any CPU
		{F42F0E0B-3F0D-4230-AFDF-FD9F8089F593}.Release_X64|Any CPU.Build.0 = Release|Any CPU
		{F42F0E0B-3F0D-4230-AFDF-FD9F8089F593}.Release_X64|Mixed Platforms.ActiveCfg = Release|Any CPU
		{F42F0E0B-3F0D-4230-AFDF-FD9F8089F593}.Release_X64|Mixed Platforms.Build.0 = Release|Any CPU
		{F42F0E0B-3F0D-4230-AFDF-FD9F8089F593}.Release_X64|x86.ActiveCfg = Release|Any CPU
		{F42F0E0B-3F0D-4230-AFDF-FD9F8089F593}.Release|.NET.ActiveCfg = Release|Any CPU
		{F42F0E0B-3F0D-4230-AFDF-FD9F8089F593}.Release|Any CPU.ActiveCfg = Release|Any CPU
		{F42F0E0B-3F0D-4230-AFDF-FD9F8089F593}.Release|Any CPU.Build.0 = Release|Any CPU
		{F42F0E0B-3F0D-4230-AFDF-FD9F8089F593}.Release|Mixed Platforms.ActiveCfg = Release|Any CPU
		{F42F0E0B-3F0D-4230-AFDF-FD9F8089F593}.Release|Mixed Platforms.Build.0 = Release|Any CPU
		{F42F0E0B-3F0D-4230-AFDF-FD9F8089F593}.Release|x86.ActiveCfg = Release|Any CPU
		{C6CEA13A-3AA8-420D-A54E-7D83B5AED6A8}.Debug|.NET.ActiveCfg = Debug|Any CPU
		{C6CEA13A-3AA8-420D-A54E-7D83B5AED6A8}.Debug|Any CPU.ActiveCfg = Debug|Any CPU
		{C6CEA13A-3AA8-420D-A54E-7D83B5AED6A8}.Debug|Any CPU.Build.0 = Debug|Any CPU
		{C6CEA13A-3AA8-420D-A54E-7D83B5AED6A8}.Debug|Mixed Platforms.ActiveCfg = Debug|Any CPU
		{C6CEA13A-3AA8-420D-A54E-7D83B5AED6A8}.Debug|Mixed Platforms.Build.0 = Debug|Any CPU
		{C6CEA13A-3AA8-420D-A54E-7D83B5AED6A8}.Debug|x86.ActiveCfg = Debug|Any CPU
		{C6CEA13A-3AA8-420D-A54E-7D83B5AED6A8}.Release_X64|.NET.ActiveCfg = Release|Any CPU
		{C6CEA13A-3AA8-420D-A54E-7D83B5AED6A8}.Release_X64|Any CPU.ActiveCfg = Release|Any CPU
		{C6CEA13A-3AA8-420D-A54E-7D83B5AED6A8}.Release_X64|Any CPU.Build.0 = Release|Any CPU
		{C6CEA13A-3AA8-420D-A54E-7D83B5AED6A8}.Release_X64|Mixed Platforms.ActiveCfg = Release|Any CPU
		{C6CEA13A-3AA8-420D-A54E-7D83B5AED6A8}.Release_X64|Mixed Platforms.Build.0 = Release|Any CPU
		{C6CEA13A-3AA8-420D-A54E-7D83B5AED6A8}.Release_X64|x86.ActiveCfg = Release|Any CPU
		{C6CEA13A-3AA8-420D-A54E-7D83B5AED6A8}.Release|.NET.ActiveCfg = Release|Any CPU
		{C6CEA13A-3AA8-420D-A54E-7D83B5AED6A8}.Release|Any CPU.ActiveCfg = Release|Any CPU
		{C6CEA13A-3AA8-420D-A54E-7D83B5AED6A8}.Release|Any CPU.Build.0 = Release|Any CPU
		{C6CEA13A-3AA8-420D-A54E-7D83B5AED6A8}.Release|Mixed Platforms.ActiveCfg = Release|Any CPU
		{C6CEA13A-3AA8-420D-A54E-7D83B5AED6A8}.Release|Mixed Platforms.Build.0 = Release|Any CPU
		{C6CEA13A-3AA8-420D-A54E-7D83B5AED6A8}.Release|x86.ActiveCfg = Release|Any CPU
		{70E6108F-A395-4DD7-8B1F-7568E0665077}.Debug|.NET.ActiveCfg = Debug|Any CPU
		{70E6108F-A395-4DD7-8B1F-7568E0665077}.Debug|Any CPU.ActiveCfg = Debug|Any CPU
		{70E6108F-A395-4DD7-8B1F-7568E0665077}.Debug|Any CPU.Build.0 = Debug|Any CPU
		{70E6108F-A395-4DD7-8B1F-7568E0665077}.Debug|Mixed Platforms.ActiveCfg = Debug|x86
		{70E6108F-A395-4DD7-8B1F-7568E0665077}.Debug|x86.ActiveCfg = Debug|x86
		{70E6108F-A395-4DD7-8B1F-7568E0665077}.Debug|x86.Build.0 = Debug|x86
		{70E6108F-A395-4DD7-8B1F-7568E0665077}.Release_X64|.NET.ActiveCfg = Release|Any CPU
		{70E6108F-A395-4DD7-8B1F-7568E0665077}.Release_X64|Any CPU.ActiveCfg = Release|Any CPU
		{70E6108F-A395-4DD7-8B1F-7568E0665077}.Release_X64|Any CPU.Build.0 = Release|Any CPU
		{70E6108F-A395-4DD7-8B1F-7568E0665077}.Release_X64|Mixed Platforms.ActiveCfg = Release|x86
		{70E6108F-A395-4DD7-8B1F-7568E0665077}.Release_X64|Mixed Platforms.Build.0 = Release|x86
		{70E6108F-A395-4DD7-8B1F-7568E0665077}.Release_X64|x86.ActiveCfg = Release|x86
		{70E6108F-A395-4DD7-8B1F-7568E0665077}.Release_X64|x86.Build.0 = Release|x86
		{70E6108F-A395-4DD7-8B1F-7568E0665077}.Release|.NET.ActiveCfg = Release|Any CPU
		{70E6108F-A395-4DD7-8B1F-7568E0665077}.Release|Any CPU.ActiveCfg = Release|Any CPU
		{70E6108F-A395-4DD7-8B1F-7568E0665077}.Release|Any CPU.Build.0 = Release|Any CPU
		{70E6108F-A395-4DD7-8B1F-7568E0665077}.Release|Mixed Platforms.ActiveCfg = Release|x86
		{70E6108F-A395-4DD7-8B1F-7568E0665077}.Release|Mixed Platforms.Build.0 = Release|x86
		{70E6108F-A395-4DD7-8B1F-7568E0665077}.Release|x86.ActiveCfg = Release|x86
		{70E6108F-A395-4DD7-8B1F-7568E0665077}.Release|x86.Build.0 = Release|x86
		{193B586D-7C10-41A1-B4B6-F51F41674073}.Debug|.NET.ActiveCfg = Debug|Any CPU
		{193B586D-7C10-41A1-B4B6-F51F41674073}.Debug|Any CPU.ActiveCfg = Debug|Any CPU
		{193B586D-7C10-41A1-B4B6-F51F41674073}.Debug|Any CPU.Build.0 = Debug|Any CPU
		{193B586D-7C10-41A1-B4B6-F51F41674073}.Debug|Mixed Platforms.ActiveCfg = Debug|Any CPU
		{193B586D-7C10-41A1-B4B6-F51F41674073}.Debug|Mixed Platforms.Build.0 = Debug|Any CPU
		{193B586D-7C10-41A1-B4B6-F51F41674073}.Debug|x86.ActiveCfg = Debug|Any CPU
		{193B586D-7C10-41A1-B4B6-F51F41674073}.Release_X64|.NET.ActiveCfg = Release|Any CPU
		{193B586D-7C10-41A1-B4B6-F51F41674073}.Release_X64|Any CPU.ActiveCfg = Release|Any CPU
		{193B586D-7C10-41A1-B4B6-F51F41674073}.Release_X64|Any CPU.Build.0 = Release|Any CPU
		{193B586D-7C10-41A1-B4B6-F51F41674073}.Release_X64|Mixed Platforms.ActiveCfg = Release|Any CPU
		{193B586D-7C10-41A1-B4B6-F51F41674073}.Release_X64|Mixed Platforms.Build.0 = Release|Any CPU
		{193B586D-7C10-41A1-B4B6-F51F41674073}.Release_X64|x86.ActiveCfg = Release|Any CPU
		{193B586D-7C10-41A1-B4B6-F51F41674073}.Release|.NET.ActiveCfg = Release|Any CPU
		{193B586D-7C10-41A1-B4B6-F51F41674073}.Release|Any CPU.ActiveCfg = Release|Any CPU
		{193B586D-7C10-41A1-B4B6-F51F41674073}.Release|Any CPU.Build.0 = Release|Any CPU
		{193B586D-7C10-41A1-B4B6-F51F41674073}.Release|Mixed Platforms.ActiveCfg = Release|Any CPU
		{193B586D-7C10-41A1-B4B6-F51F41674073}.Release|Mixed Platforms.Build.0 = Release|Any CPU
		{193B586D-7C10-41A1-B4B6-F51F41674073}.Release|x86.ActiveCfg = Release|Any CPU
		{76AF5AC6-6944-4D69-9EEA-79A661119797}.Debug|.NET.ActiveCfg = Debug|Any CPU
		{76AF5AC6-6944-4D69-9EEA-79A661119797}.Debug|Any CPU.ActiveCfg = Debug|Any CPU
		{76AF5AC6-6944-4D69-9EEA-79A661119797}.Debug|Any CPU.Build.0 = Debug|Any CPU
		{76AF5AC6-6944-4D69-9EEA-79A661119797}.Debug|Mixed Platforms.ActiveCfg = Debug|Any CPU
		{76AF5AC6-6944-4D69-9EEA-79A661119797}.Debug|Mixed Platforms.Build.0 = Debug|Any CPU
		{76AF5AC6-6944-4D69-9EEA-79A661119797}.Debug|x86.ActiveCfg = Debug|Any CPU
		{76AF5AC6-6944-4D69-9EEA-79A661119797}.Release_X64|.NET.ActiveCfg = Release|Any CPU
		{76AF5AC6-6944-4D69-9EEA-79A661119797}.Release_X64|Any CPU.ActiveCfg = Release|Any CPU
		{76AF5AC6-6944-4D69-9EEA-79A661119797}.Release_X64|Any CPU.Build.0 = Release|Any CPU
		{76AF5AC6-6944-4D69-9EEA-79A661119797}.Release_X64|Mixed Platforms.ActiveCfg = Release|Any CPU
		{76AF5AC6-6944-4D69-9EEA-79A661119797}.Release_X64|Mixed Platforms.Build.0 = Release|Any CPU
		{76AF5AC6-6944-4D69-9EEA-79A661119797}.Release_X64|x86.ActiveCfg = Release|Any CPU
		{76AF5AC6-6944-4D69-9EEA-79A661119797}.Release|.NET.ActiveCfg = Release|Any CPU
		{76AF5AC6-6944-4D69-9EEA-79A661119797}.Release|Any CPU.ActiveCfg = Release|Any CPU
		{76AF5AC6-6944-4D69-9EEA-79A661119797}.Release|Any CPU.Build.0 = Release|Any CPU
		{76AF5AC6-6944-4D69-9EEA-79A661119797}.Release|Mixed Platforms.ActiveCfg = Release|Any CPU
		{76AF5AC6-6944-4D69-9EEA-79A661119797}.Release|Mixed Platforms.Build.0 = Release|Any CPU
		{76AF5AC6-6944-4D69-9EEA-79A661119797}.Release|x86.ActiveCfg = Release|Any CPU
	EndGlobalSection
	GlobalSection(SolutionProperties) = preSolution
		HideSolutionNode = FALSE
	EndGlobalSection
	GlobalSection(NestedProjects) = preSolution
		{8F31ACE4-7000-4F23-8DC1-8DBA9CC18797} = {94FBF397-209F-441C-98C8-E4FC0E4B202D}
		{82E0F277-288D-468C-B09F-E2C4ED26565C} = {94FBF397-209F-441C-98C8-E4FC0E4B202D}
		{FCC3459E-C20E-4FB5-939E-9F02803B1670} = {94FBF397-209F-441C-98C8-E4FC0E4B202D}
		{AAC3CE12-F739-4F19-8FD9-5399CD29CE2E} = {8302D8D1-73A0-4524-91F6-ED06323827D1}
		{19F7ADD1-7A35-403C-808D-B64A930C78B5} = {8302D8D1-73A0-4524-91F6-ED06323827D1}
		{7DE6D86C-6E12-4C8B-8679-8F9E3BC7D438} = {8302D8D1-73A0-4524-91F6-ED06323827D1}
		{7735D197-2C9E-4C66-93C2-6D381388A73F} = {8302D8D1-73A0-4524-91F6-ED06323827D1}
		{C6D7A3EE-B50C-4EA6-9053-2ED7F6C9975D} = {59113F51-D57A-4619-91E3-8E43EAF0D5D5}
		{735B945A-3B37-4796-8810-DE7B3B0D168F} = {59113F51-D57A-4619-91E3-8E43EAF0D5D5}
		{889A0A5C-D624-49B5-877E-C365672541A8} = {59113F51-D57A-4619-91E3-8E43EAF0D5D5}
		{C6CEA13A-3AA8-420D-A54E-7D83B5AED6A8} = {59113F51-D57A-4619-91E3-8E43EAF0D5D5}
		{6D777AC5-0A39-4D93-807F-49D602071243} = {ABCDF4CE-0D34-4EF6-9058-F308E1411EE8}
		{E7EBA72B-31F7-4280-90A5-DA0984CCE7D9} = {ABCDF4CE-0D34-4EF6-9058-F308E1411EE8}
		{77FB2ED1-B6BE-4425-8B29-51E8565E84EC} = {ABCDF4CE-0D34-4EF6-9058-F308E1411EE8}
		{13BF6BC9-9934-46FF-A965-0EA8F3D1FFC9} = {ABCDF4CE-0D34-4EF6-9058-F308E1411EE8}
		{F46E3F0B-30A1-4228-9680-3F46897A27AD} = {ABCDF4CE-0D34-4EF6-9058-F308E1411EE8}
		{E836681D-4FBD-417F-8A01-6AB3125AC366} = {F5CCA262-5C2D-48DF-A50F-C16C4725E62F}
		{1BB1149D-AB19-462E-8D3D-F18A207B6EF8} = {F5CCA262-5C2D-48DF-A50F-C16C4725E62F}
		{1E6E26D3-4C7A-429F-88D8-FDB0D4B4EF8E} = {F5CCA262-5C2D-48DF-A50F-C16C4725E62F}
		{0881C71F-0D9A-4D91-94E8-2D03F4C52F03} = {F5CCA262-5C2D-48DF-A50F-C16C4725E62F}
		{071E6099-DC73-4D26-9DDF-DFFA0482E1D9} = {F5CCA262-5C2D-48DF-A50F-C16C4725E62F}
		{99988946-F41E-42E8-8A5D-7DC72D0D346A} = {F5CCA262-5C2D-48DF-A50F-C16C4725E62F}
		{44A15DAF-75C1-4F45-9F6E-E74FBB568AD0} = {9920042F-959F-43F3-BA49-22E6956C1E7F}
		{CABFD939-7449-4016-8FF3-F650D8546162} = {9920042F-959F-43F3-BA49-22E6956C1E7F}
		{A83E28CF-1837-4E84-8C01-798DD50CF68E} = {9920042F-959F-43F3-BA49-22E6956C1E7F}
		{41E2E509-32DF-4B1E-8E16-9D7C5A86921A} = {9920042F-959F-43F3-BA49-22E6956C1E7F}
		{86F1D051-F17D-473E-BAB1-93786E165F6A} = {9920042F-959F-43F3-BA49-22E6956C1E7F}
		{F42F0E0B-3F0D-4230-AFDF-FD9F8089F593} = {9920042F-959F-43F3-BA49-22E6956C1E7F}
		{70E6108F-A395-4DD7-8B1F-7568E0665077} = {9920042F-959F-43F3-BA49-22E6956C1E7F}
		{76AF5AC6-6944-4D69-9EEA-79A661119797} = {9920042F-959F-43F3-BA49-22E6956C1E7F}
		{F9E0FDFC-D8FA-493F-9FA8-BD29A0EBF7EF} = {D3EE05AA-4913-4CA5-A106-8145324E37D0}
		{DEB51FBE-DDA2-4B64-8565-2740EFACE2EB} = {D3EE05AA-4913-4CA5-A106-8145324E37D0}
		{87A8BFB7-75FA-4807-AC6A-933105FF10A8} = {D3EE05AA-4913-4CA5-A106-8145324E37D0}
		{BF819A3B-9494-4397-8C9A-E2F02B00F06E} = {D3EE05AA-4913-4CA5-A106-8145324E37D0}
		{AF8BB30B-735A-4A5D-94D3-77A5F2A93B63} = {D3EE05AA-4913-4CA5-A106-8145324E37D0}
		{5F5548DF-0BE3-4C12-B933-202A94686EAD} = {D3EE05AA-4913-4CA5-A106-8145324E37D0}
		{637C2EBE-9B5C-4C4A-B573-C7329E7DCBAF} = {D3EE05AA-4913-4CA5-A106-8145324E37D0}
		{193B586D-7C10-41A1-B4B6-F51F41674073} = {D3EE05AA-4913-4CA5-A106-8145324E37D0}
		{C2117940-1429-4E1F-A506-3FF7238CB987} = {28CFB618-C113-4C0C-9AD6-3E4E84329714}
		{9A76A81C-A8C5-47DE-AE33-531CAFDDA69B} = {28CFB618-C113-4C0C-9AD6-3E4E84329714}
		{E79D0B8A-A79D-4DAC-8E88-B067BFE36D9A} = {6D18F3C3-A0D0-44E4-8E51-2725EFC0E152}
		{2EC03F78-3CFD-41C8-BBF4-0C9CD0577FB9} = {6D18F3C3-A0D0-44E4-8E51-2725EFC0E152}
		{98DC77AC-C64F-49ED-BAB6-E57703055F64} = {C88299C4-4593-4793-A596-9F3FD7305529}
		{9232D53A-DED6-4100-B1D8-5CC534346D83} = {C88299C4-4593-4793-A596-9F3FD7305529}
		{263FD811-AA2C-46FE-BD2B-0057F6A8C6D6} = {C88299C4-4593-4793-A596-9F3FD7305529}
		{9E5F9687-DD78-4887-8BC3-0E3D469B5C05} = {F152C5D5-5261-4CD4-A142-C12B81507910}
	EndGlobalSection
	GlobalSection(TestCaseManagementSettings) = postSolution
		CategoryFile = Taxi_TienSa.vsmdi
	EndGlobalSection
EndGlobal
